// !$*UTF8*$!
{
	archiveVersion = 1;
	classes = {
	};
	objectVersion = 46;
	objects = {

/* Begin PBXBuildFile section */
		C2E7073D160290BA00EAC308 /* MotionJpegImageView.m in Sources */ = {isa = PBXBuildFile; fileRef = C2E7073A160290BA00EAC308 /* MotionJpegImageView.m */; };
		C2E7073E160290BA00EAC308 /* AppDelegate.m in Sources */ = {isa = PBXBuildFile; fileRef = C2E7073C160290BA00EAC308 /* AppDelegate.m */; };
		C2E7074B1602913A00EAC308 /* Localizable.strings in Resources */ = {isa = PBXBuildFile; fileRef = C2E707481602913A00EAC308 /* Localizable.strings */; };
		C2E7074C1602913A00EAC308 /* main.m in Sources */ = {isa = PBXBuildFile; fileRef = C2E707491602913A00EAC308 /* main.m */; };
		C30432A6164C30170037CE05 /* MainWindow.xib in Resources */ = {isa = PBXBuildFile; fileRef = C30432A5164C30170037CE05 /* MainWindow.xib */; };
		C3505498164C1870006AEFB1 /* CreditsViewController.xib in Resources */ = {isa = PBXBuildFile; fileRef = C3505497164C1870006AEFB1 /* CreditsViewController.xib */; };
		C35054A5164C18C0006AEFB1 /* Icon-72.png in Resources */ = {isa = PBXBuildFile; fileRef = C350549B164C18C0006AEFB1 /* Icon-72.png */; };
		C35054A6164C18C0006AEFB1 /* Icon-72@2x.png in Resources */ = {isa = PBXBuildFile; fileRef = C350549C164C18C0006AEFB1 /* Icon-72@2x.png */; };
		C35054A7164C18C0006AEFB1 /* Icon-Small-50.png in Resources */ = {isa = PBXBuildFile; fileRef = C350549D164C18C0006AEFB1 /* Icon-Small-50.png */; };
		C35054A8164C18C0006AEFB1 /* Icon-Small-50@2x.png in Resources */ = {isa = PBXBuildFile; fileRef = C350549E164C18C0006AEFB1 /* Icon-Small-50@2x.png */; };
		C35054A9164C18C0006AEFB1 /* Icon-Small.png in Resources */ = {isa = PBXBuildFile; fileRef = C350549F164C18C0006AEFB1 /* Icon-Small.png */; };
		C35054AA164C18C0006AEFB1 /* Icon-Small@2x.png in Resources */ = {isa = PBXBuildFile; fileRef = C35054A0164C18C0006AEFB1 /* Icon-Small@2x.png */; };
		C35054AB164C18C0006AEFB1 /* Icon.png in Resources */ = {isa = PBXBuildFile; fileRef = C35054A1164C18C0006AEFB1 /* Icon.png */; };
		C35054AC164C18C0006AEFB1 /* Icon@2x.png in Resources */ = {isa = PBXBuildFile; fileRef = C35054A2164C18C0006AEFB1 /* Icon@2x.png */; };
		C35054AD164C18C0006AEFB1 /* iTunesArtwork.png in Resources */ = {isa = PBXBuildFile; fileRef = C35054A3164C18C0006AEFB1 /* iTunesArtwork.png */; };
		C35054AE164C18C0006AEFB1 /* iTunesArtwork@2x.png in Resources */ = {isa = PBXBuildFile; fileRef = C35054A4164C18C0006AEFB1 /* iTunesArtwork@2x.png */; };
		C35054B1164C18E0006AEFB1 /* Default-568h@2x.png in Resources */ = {isa = PBXBuildFile; fileRef = C35054B0164C18E0006AEFB1 /* Default-568h@2x.png */; };
		C35054BC164C18F3006AEFB1 /* icon-about.png in Resources */ = {isa = PBXBuildFile; fileRef = C35054B2164C18F3006AEFB1 /* icon-about.png */; };
		C35054BD164C18F3006AEFB1 /* icon-about@2x.png in Resources */ = {isa = PBXBuildFile; fileRef = C35054B3164C18F3006AEFB1 /* icon-about@2x.png */; };
		C35054BE164C18F3006AEFB1 /* icon-cameras.png in Resources */ = {isa = PBXBuildFile; fileRef = C35054B4164C18F3006AEFB1 /* icon-cameras.png */; };
		C35054BF164C18F3006AEFB1 /* icon-cameras@2x.png in Resources */ = {isa = PBXBuildFile; fileRef = C35054B5164C18F3006AEFB1 /* icon-cameras@2x.png */; };
		C35054C0164C18F3006AEFB1 /* icon-sets.png in Resources */ = {isa = PBXBuildFile; fileRef = C35054B6164C18F3006AEFB1 /* icon-sets.png */; };
		C35054C1164C18F3006AEFB1 /* icon-sets@2x.png in Resources */ = {isa = PBXBuildFile; fileRef = C35054B7164C18F3006AEFB1 /* icon-sets@2x.png */; };
		C35054C2164C18F3006AEFB1 /* logo-about.png in Resources */ = {isa = PBXBuildFile; fileRef = C35054B8164C18F3006AEFB1 /* logo-about.png */; };
		C35054C3164C18F3006AEFB1 /* logo-about@2x.png in Resources */ = {isa = PBXBuildFile; fileRef = C35054B9164C18F3006AEFB1 /* logo-about@2x.png */; };
		C35054C4164C18F3006AEFB1 /* logo.png in Resources */ = {isa = PBXBuildFile; fileRef = C35054BA164C18F3006AEFB1 /* logo.png */; };
		C35054C5164C18F3006AEFB1 /* logo@2x.png in Resources */ = {isa = PBXBuildFile; fileRef = C35054BB164C18F3006AEFB1 /* logo@2x.png */; };
		C35054CA164C19B5006AEFB1 /* main-background-dark.png in Resources */ = {isa = PBXBuildFile; fileRef = C35054C6164C19B4006AEFB1 /* main-background-dark.png */; };
		C35054CB164C19B5006AEFB1 /* main-background-dark@2x.png in Resources */ = {isa = PBXBuildFile; fileRef = C35054C7164C19B4006AEFB1 /* main-background-dark@2x.png */; };
		C35054CC164C19B5006AEFB1 /* main-background.png in Resources */ = {isa = PBXBuildFile; fileRef = C35054C8164C19B5006AEFB1 /* main-background.png */; };
		C35054CD164C19B5006AEFB1 /* main-background@2x.png in Resources */ = {isa = PBXBuildFile; fileRef = C35054C9164C19B5006AEFB1 /* main-background@2x.png */; };
		C35054D0164C19D6006AEFB1 /* CreditsViewController.m in Sources */ = {isa = PBXBuildFile; fileRef = C35054CF164C19D6006AEFB1 /* CreditsViewController.m */; };
		C350553A164C27F2006AEFB1 /* SetsViewController.m in Sources */ = {isa = PBXBuildFile; fileRef = C3505538164C27F2006AEFB1 /* SetsViewController.m */; };
		C350553B164C27F2006AEFB1 /* SetsViewController.xib in Resources */ = {isa = PBXBuildFile; fileRef = C3505539164C27F2006AEFB1 /* SetsViewController.xib */; };
		C350553F164C292B006AEFB1 /* CamerasViewController.m in Sources */ = {isa = PBXBuildFile; fileRef = C350553D164C292A006AEFB1 /* CamerasViewController.m */; };
		C3505540164C292B006AEFB1 /* CamerasViewController.xib in Resources */ = {isa = PBXBuildFile; fileRef = C350553E164C292B006AEFB1 /* CamerasViewController.xib */; };
		C636B828143B7538008CB95D /* UIKit.framework in Frameworks */ = {isa = PBXBuildFile; fileRef = C636B827143B7538008CB95D /* UIKit.framework */; };
		C636B82A143B7538008CB95D /* Foundation.framework in Frameworks */ = {isa = PBXBuildFile; fileRef = C636B829143B7538008CB95D /* Foundation.framework */; };
		C636B82C143B7538008CB95D /* CoreGraphics.framework in Frameworks */ = {isa = PBXBuildFile; fileRef = C636B82B143B7538008CB95D /* CoreGraphics.framework */; };
/* End PBXBuildFile section */

/* Begin PBXFileReference section */
		C2E70739160290BA00EAC308 /* MotionJpegImageView.h */ = {isa = PBXFileReference; fileEncoding = 4; lastKnownFileType = sourcecode.c.h; name = MotionJpegImageView.h; path = cameria/MotionJpegImageView.h; sourceTree = SOURCE_ROOT; };
		C2E7073A160290BA00EAC308 /* MotionJpegImageView.m */ = {isa = PBXFileReference; fileEncoding = 4; lastKnownFileType = sourcecode.c.objc; name = MotionJpegImageView.m; path = cameria/MotionJpegImageView.m; sourceTree = SOURCE_ROOT; };
		C2E7073B160290BA00EAC308 /* AppDelegate.h */ = {isa = PBXFileReference; fileEncoding = 4; lastKnownFileType = sourcecode.c.h; name = AppDelegate.h; path = cameria/AppDelegate.h; sourceTree = SOURCE_ROOT; };
		C2E7073C160290BA00EAC308 /* AppDelegate.m */ = {isa = PBXFileReference; fileEncoding = 4; lastKnownFileType = sourcecode.c.objc; name = AppDelegate.m; path = cameria/AppDelegate.m; sourceTree = SOURCE_ROOT; };
		C2E707461602913A00EAC308 /* cameria.xcodeproj-Info.plist */ = {isa = PBXFileReference; fileEncoding = 4; lastKnownFileType = text.plist.xml; name = "cameria.xcodeproj-Info.plist"; path = "cameria/cameria.xcodeproj-Info.plist"; sourceTree = SOURCE_ROOT; };
		C2E707471602913A00EAC308 /* cameria.xcodeproj-Prefix.pch */ = {isa = PBXFileReference; fileEncoding = 4; lastKnownFileType = sourcecode.c.h; name = "cameria.xcodeproj-Prefix.pch"; path = "cameria/cameria.xcodeproj-Prefix.pch"; sourceTree = SOURCE_ROOT; };
		C2E707481602913A00EAC308 /* Localizable.strings */ = {isa = PBXFileReference; fileEncoding = 4; lastKnownFileType = text.plist.strings; name = Localizable.strings; path = cameria/Localizable.strings; sourceTree = SOURCE_ROOT; };
		C2E707491602913A00EAC308 /* main.m */ = {isa = PBXFileReference; fileEncoding = 4; lastKnownFileType = sourcecode.c.objc; name = main.m; path = cameria/main.m; sourceTree = SOURCE_ROOT; };
		C30432A5164C30170037CE05 /* MainWindow.xib */ = {isa = PBXFileReference; fileEncoding = 4; lastKnownFileType = file.xib; name = MainWindow.xib; path = cameria/MainWindow.xib; sourceTree = SOURCE_ROOT; };
		C3505497164C1870006AEFB1 /* CreditsViewController.xib */ = {isa = PBXFileReference; fileEncoding = 4; lastKnownFileType = file.xib; path = CreditsViewController.xib; sourceTree = SOURCE_ROOT; };
		C350549B164C18C0006AEFB1 /* Icon-72.png */ = {isa = PBXFileReference; lastKnownFileType = image.png; name = "Icon-72.png"; path = "cameria/Resources/icons/Icon-72.png"; sourceTree = SOURCE_ROOT; };
		C350549C164C18C0006AEFB1 /* Icon-72@2x.png */ = {isa = PBXFileReference; lastKnownFileType = image.png; name = "Icon-72@2x.png"; path = "cameria/Resources/icons/Icon-72@2x.png"; sourceTree = SOURCE_ROOT; };
		C350549D164C18C0006AEFB1 /* Icon-Small-50.png */ = {isa = PBXFileReference; lastKnownFileType = image.png; name = "Icon-Small-50.png"; path = "cameria/Resources/icons/Icon-Small-50.png"; sourceTree = SOURCE_ROOT; };
		C350549E164C18C0006AEFB1 /* Icon-Small-50@2x.png */ = {isa = PBXFileReference; lastKnownFileType = image.png; name = "Icon-Small-50@2x.png"; path = "cameria/Resources/icons/Icon-Small-50@2x.png"; sourceTree = SOURCE_ROOT; };
		C350549F164C18C0006AEFB1 /* Icon-Small.png */ = {isa = PBXFileReference; lastKnownFileType = image.png; name = "Icon-Small.png"; path = "cameria/Resources/icons/Icon-Small.png"; sourceTree = SOURCE_ROOT; };
		C35054A0164C18C0006AEFB1 /* Icon-Small@2x.png */ = {isa = PBXFileReference; lastKnownFileType = image.png; name = "Icon-Small@2x.png"; path = "cameria/Resources/icons/Icon-Small@2x.png"; sourceTree = SOURCE_ROOT; };
		C35054A1164C18C0006AEFB1 /* Icon.png */ = {isa = PBXFileReference; lastKnownFileType = image.png; name = Icon.png; path = cameria/Resources/icons/Icon.png; sourceTree = SOURCE_ROOT; };
		C35054A2164C18C0006AEFB1 /* Icon@2x.png */ = {isa = PBXFileReference; lastKnownFileType = image.png; name = "Icon@2x.png"; path = "cameria/Resources/icons/Icon@2x.png"; sourceTree = SOURCE_ROOT; };
		C35054A3164C18C0006AEFB1 /* iTunesArtwork.png */ = {isa = PBXFileReference; lastKnownFileType = image.png; name = iTunesArtwork.png; path = cameria/Resources/icons/iTunesArtwork.png; sourceTree = SOURCE_ROOT; };
		C35054A4164C18C0006AEFB1 /* iTunesArtwork@2x.png */ = {isa = PBXFileReference; lastKnownFileType = image.png; name = "iTunesArtwork@2x.png"; path = "cameria/Resources/icons/iTunesArtwork@2x.png"; sourceTree = SOURCE_ROOT; };
		C35054B0164C18E0006AEFB1 /* Default-568h@2x.png */ = {isa = PBXFileReference; lastKnownFileType = image.png; name = "Default-568h@2x.png"; path = "cameria/Resources/tiles/Default-568h@2x.png"; sourceTree = SOURCE_ROOT; };
		C35054B2164C18F3006AEFB1 /* icon-about.png */ = {isa = PBXFileReference; lastKnownFileType = image.png; name = "icon-about.png"; path = "cameria/Resources/icon-about.png"; sourceTree = SOURCE_ROOT; };
		C35054B3164C18F3006AEFB1 /* icon-about@2x.png */ = {isa = PBXFileReference; lastKnownFileType = image.png; name = "icon-about@2x.png"; path = "cameria/Resources/icon-about@2x.png"; sourceTree = SOURCE_ROOT; };
		C35054B4164C18F3006AEFB1 /* icon-cameras.png */ = {isa = PBXFileReference; lastKnownFileType = image.png; name = "icon-cameras.png"; path = "cameria/Resources/icon-cameras.png"; sourceTree = SOURCE_ROOT; };
		C35054B5164C18F3006AEFB1 /* icon-cameras@2x.png */ = {isa = PBXFileReference; lastKnownFileType = image.png; name = "icon-cameras@2x.png"; path = "cameria/Resources/icon-cameras@2x.png"; sourceTree = SOURCE_ROOT; };
		C35054B6164C18F3006AEFB1 /* icon-sets.png */ = {isa = PBXFileReference; lastKnownFileType = image.png; name = "icon-sets.png"; path = "cameria/Resources/icon-sets.png"; sourceTree = SOURCE_ROOT; };
		C35054B7164C18F3006AEFB1 /* icon-sets@2x.png */ = {isa = PBXFileReference; lastKnownFileType = image.png; name = "icon-sets@2x.png"; path = "cameria/Resources/icon-sets@2x.png"; sourceTree = SOURCE_ROOT; };
		C35054B8164C18F3006AEFB1 /* logo-about.png */ = {isa = PBXFileReference; lastKnownFileType = image.png; name = "logo-about.png"; path = "cameria/Resources/logo-about.png"; sourceTree = SOURCE_ROOT; };
		C35054B9164C18F3006AEFB1 /* logo-about@2x.png */ = {isa = PBXFileReference; lastKnownFileType = image.png; name = "logo-about@2x.png"; path = "cameria/Resources/logo-about@2x.png"; sourceTree = SOURCE_ROOT; };
		C35054BA164C18F3006AEFB1 /* logo.png */ = {isa = PBXFileReference; lastKnownFileType = image.png; name = logo.png; path = cameria/Resources/logo.png; sourceTree = SOURCE_ROOT; };
		C35054BB164C18F3006AEFB1 /* logo@2x.png */ = {isa = PBXFileReference; lastKnownFileType = image.png; name = "logo@2x.png"; path = "cameria/Resources/logo@2x.png"; sourceTree = SOURCE_ROOT; };
		C35054C6164C19B4006AEFB1 /* main-background-dark.png */ = {isa = PBXFileReference; lastKnownFileType = image.png; name = "main-background-dark.png"; path = "cameria/Resources/main-background-dark.png"; sourceTree = SOURCE_ROOT; };
		C35054C7164C19B4006AEFB1 /* main-background-dark@2x.png */ = {isa = PBXFileReference; lastKnownFileType = image.png; name = "main-background-dark@2x.png"; path = "cameria/Resources/main-background-dark@2x.png"; sourceTree = SOURCE_ROOT; };
		C35054C8164C19B5006AEFB1 /* main-background.png */ = {isa = PBXFileReference; lastKnownFileType = image.png; name = "main-background.png"; path = "cameria/Resources/main-background.png"; sourceTree = SOURCE_ROOT; };
		C35054C9164C19B5006AEFB1 /* main-background@2x.png */ = {isa = PBXFileReference; lastKnownFileType = image.png; name = "main-background@2x.png"; path = "cameria/Resources/main-background@2x.png"; sourceTree = SOURCE_ROOT; };
		C35054CE164C19D6006AEFB1 /* CreditsViewController.h */ = {isa = PBXFileReference; fileEncoding = 4; lastKnownFileType = sourcecode.c.h; name = CreditsViewController.h; path = cameria/CreditsViewController.h; sourceTree = SOURCE_ROOT; };
		C35054CF164C19D6006AEFB1 /* CreditsViewController.m */ = {isa = PBXFileReference; fileEncoding = 4; lastKnownFileType = sourcecode.c.objc; name = CreditsViewController.m; path = cameria/CreditsViewController.m; sourceTree = SOURCE_ROOT; };
		C3505537164C27F1006AEFB1 /* SetsViewController.h */ = {isa = PBXFileReference; fileEncoding = 4; lastKnownFileType = sourcecode.c.h; name = SetsViewController.h; path = cameria/SetsViewController.h; sourceTree = SOURCE_ROOT; };
		C3505538164C27F2006AEFB1 /* SetsViewController.m */ = {isa = PBXFileReference; fileEncoding = 4; lastKnownFileType = sourcecode.c.objc; name = SetsViewController.m; path = cameria/SetsViewController.m; sourceTree = SOURCE_ROOT; };
		C3505539164C27F2006AEFB1 /* SetsViewController.xib */ = {isa = PBXFileReference; fileEncoding = 4; lastKnownFileType = file.xib; name = SetsViewController.xib; path = cameria/SetsViewController.xib; sourceTree = SOURCE_ROOT; };
		C350553C164C292A006AEFB1 /* CamerasViewController.h */ = {isa = PBXFileReference; fileEncoding = 4; lastKnownFileType = sourcecode.c.h; name = CamerasViewController.h; path = cameria/CamerasViewController.h; sourceTree = SOURCE_ROOT; };
		C350553D164C292A006AEFB1 /* CamerasViewController.m */ = {isa = PBXFileReference; fileEncoding = 4; lastKnownFileType = sourcecode.c.objc; name = CamerasViewController.m; path = cameria/CamerasViewController.m; sourceTree = SOURCE_ROOT; };
		C350553E164C292B006AEFB1 /* CamerasViewController.xib */ = {isa = PBXFileReference; fileEncoding = 4; lastKnownFileType = file.xib; name = CamerasViewController.xib; path = cameria/CamerasViewController.xib; sourceTree = SOURCE_ROOT; };
		C636B823143B7538008CB95D /* cameria.app */ = {isa = PBXFileReference; explicitFileType = wrapper.application; includeInIndex = 0; path = cameria.app; sourceTree = BUILT_PRODUCTS_DIR; };
		C636B827143B7538008CB95D /* UIKit.framework */ = {isa = PBXFileReference; lastKnownFileType = wrapper.framework; name = UIKit.framework; path = System/Library/Frameworks/UIKit.framework; sourceTree = SDKROOT; };
		C636B829143B7538008CB95D /* Foundation.framework */ = {isa = PBXFileReference; lastKnownFileType = wrapper.framework; name = Foundation.framework; path = System/Library/Frameworks/Foundation.framework; sourceTree = SDKROOT; };
		C636B82B143B7538008CB95D /* CoreGraphics.framework */ = {isa = PBXFileReference; lastKnownFileType = wrapper.framework; name = CoreGraphics.framework; path = System/Library/Frameworks/CoreGraphics.framework; sourceTree = SDKROOT; };
/* End PBXFileReference section */

/* Begin PBXFrameworksBuildPhase section */
		C636B820143B7538008CB95D /* Frameworks */ = {
			isa = PBXFrameworksBuildPhase;
			buildActionMask = 2147483647;
			files = (
				C636B828143B7538008CB95D /* UIKit.framework in Frameworks */,
				C636B82A143B7538008CB95D /* Foundation.framework in Frameworks */,
				C636B82C143B7538008CB95D /* CoreGraphics.framework in Frameworks */,
			);
			runOnlyForDeploymentPostprocessing = 0;
		};
/* End PBXFrameworksBuildPhase section */

/* Begin PBXGroup section */
		C2EFA1D01646D14900200EC0 /* Resources */ = {
			isa = PBXGroup;
			children = (
				C35054C6164C19B4006AEFB1 /* main-background-dark.png */,
				C35054C7164C19B4006AEFB1 /* main-background-dark@2x.png */,
				C35054C8164C19B5006AEFB1 /* main-background.png */,
				C35054C9164C19B5006AEFB1 /* main-background@2x.png */,
				C35054B2164C18F3006AEFB1 /* icon-about.png */,
				C35054B3164C18F3006AEFB1 /* icon-about@2x.png */,
				C35054B4164C18F3006AEFB1 /* icon-cameras.png */,
				C35054B5164C18F3006AEFB1 /* icon-cameras@2x.png */,
				C35054B6164C18F3006AEFB1 /* icon-sets.png */,
				C35054B7164C18F3006AEFB1 /* icon-sets@2x.png */,
				C35054B8164C18F3006AEFB1 /* logo-about.png */,
				C35054B9164C18F3006AEFB1 /* logo-about@2x.png */,
				C35054BA164C18F3006AEFB1 /* logo.png */,
				C35054BB164C18F3006AEFB1 /* logo@2x.png */,
				C35054AF164C18D9006AEFB1 /* Tiles */,
				C350549A164C18B7006AEFB1 /* Icons */,
			);
			name = Resources;
			sourceTree = "<group>";
		};
		C350549A164C18B7006AEFB1 /* Icons */ = {
			isa = PBXGroup;
			children = (
				C350549B164C18C0006AEFB1 /* Icon-72.png */,
				C350549C164C18C0006AEFB1 /* Icon-72@2x.png */,
				C350549D164C18C0006AEFB1 /* Icon-Small-50.png */,
				C350549E164C18C0006AEFB1 /* Icon-Small-50@2x.png */,
				C350549F164C18C0006AEFB1 /* Icon-Small.png */,
				C35054A0164C18C0006AEFB1 /* Icon-Small@2x.png */,
				C35054A1164C18C0006AEFB1 /* Icon.png */,
				C35054A2164C18C0006AEFB1 /* Icon@2x.png */,
				C35054A3164C18C0006AEFB1 /* iTunesArtwork.png */,
				C35054A4164C18C0006AEFB1 /* iTunesArtwork@2x.png */,
			);
			name = Icons;
			sourceTree = "<group>";
		};
		C35054AF164C18D9006AEFB1 /* Tiles */ = {
			isa = PBXGroup;
			children = (
				C35054B0164C18E0006AEFB1 /* Default-568h@2x.png */,
			);
			name = Tiles;
			sourceTree = "<group>";
		};
		C636B818143B7538008CB95D = {
			isa = PBXGroup;
			children = (
				C636B82D143B7538008CB95D /* Cameria */,
				C636B826143B7538008CB95D /* Frameworks */,
				C636B824143B7538008CB95D /* Products */,
			);
			sourceTree = "<group>";
		};
		C636B824143B7538008CB95D /* Products */ = {
			isa = PBXGroup;
			children = (
				C636B823143B7538008CB95D /* cameria.app */,
			);
			name = Products;
			sourceTree = "<group>";
		};
		C636B826143B7538008CB95D /* Frameworks */ = {
			isa = PBXGroup;
			children = (
				C636B827143B7538008CB95D /* UIKit.framework */,
				C636B829143B7538008CB95D /* Foundation.framework */,
				C636B82B143B7538008CB95D /* CoreGraphics.framework */,
			);
			name = Frameworks;
			sourceTree = "<group>";
		};
		C636B82D143B7538008CB95D /* Cameria */ = {
			isa = PBXGroup;
			children = (
				C2EFA1D01646D14900200EC0 /* Resources */,
				C636B82E143B7538008CB95D /* Supporting Files */,
				C2E7073B160290BA00EAC308 /* AppDelegate.h */,
				C2E7073C160290BA00EAC308 /* AppDelegate.m */,
				C350553C164C292A006AEFB1 /* CamerasViewController.h */,
				C350553D164C292A006AEFB1 /* CamerasViewController.m */,
				C350553E164C292B006AEFB1 /* CamerasViewController.xib */,
				C35054CE164C19D6006AEFB1 /* CreditsViewController.h */,
				C35054CF164C19D6006AEFB1 /* CreditsViewController.m */,
				C3505497164C1870006AEFB1 /* CreditsViewController.xib */,
				C30432A5164C30170037CE05 /* MainWindow.xib */,
				C2E70739160290BA00EAC308 /* MotionJpegImageView.h */,
				C2E7073A160290BA00EAC308 /* MotionJpegImageView.m */,
				C3505537164C27F1006AEFB1 /* SetsViewController.h */,
				C3505538164C27F2006AEFB1 /* SetsViewController.m */,
				C3505539164C27F2006AEFB1 /* SetsViewController.xib */,
			);
			name = Cameria;
			path = MotionJpegImageView;
			sourceTree = "<group>";
		};
		C636B82E143B7538008CB95D /* Supporting Files */ = {
			isa = PBXGroup;
			children = (
				C2E707461602913A00EAC308 /* cameria.xcodeproj-Info.plist */,
				C2E707471602913A00EAC308 /* cameria.xcodeproj-Prefix.pch */,
				C2E707481602913A00EAC308 /* Localizable.strings */,
				C2E707491602913A00EAC308 /* main.m */,
			);
			name = "Supporting Files";
			sourceTree = "<group>";
		};
/* End PBXGroup section */

/* Begin PBXNativeTarget section */
		C636B822143B7538008CB95D /* cameria */ = {
			isa = PBXNativeTarget;
			buildConfigurationList = C636B849143B7538008CB95D /* Build configuration list for PBXNativeTarget "cameria" */;
			buildPhases = (
				C636B81F143B7538008CB95D /* Sources */,
				C636B820143B7538008CB95D /* Frameworks */,
				C636B821143B7538008CB95D /* Resources */,
			);
			buildRules = (
			);
			dependencies = (
			);
			name = cameria;
			productName = MotionJpegImageView;
			productReference = C636B823143B7538008CB95D /* cameria.app */;
			productType = "com.apple.product-type.application";
		};
/* End PBXNativeTarget section */

/* Begin PBXProject section */
		C636B81A143B7538008CB95D /* Project object */ = {
			isa = PBXProject;
			attributes = {
				LastUpgradeCheck = 0450;
				ORGANIZATIONNAME = "ThinkFlood Inc";
			};
			buildConfigurationList = C636B81D143B7538008CB95D /* Build configuration list for PBXProject "cameria" */;
			compatibilityVersion = "Xcode 3.2";
			developmentRegion = English;
			hasScannedForEncodings = 0;
			knownRegions = (
				en,
			);
			mainGroup = C636B818143B7538008CB95D;
			productRefGroup = C636B824143B7538008CB95D /* Products */;
			projectDirPath = "";
			projectRoot = "";
			targets = (
				C636B822143B7538008CB95D /* cameria */,
			);
		};
/* End PBXProject section */

/* Begin PBXResourcesBuildPhase section */
		C636B821143B7538008CB95D /* Resources */ = {
			isa = PBXResourcesBuildPhase;
			buildActionMask = 2147483647;
			files = (
				C2E7074B1602913A00EAC308 /* Localizable.strings in Resources */,
				C3505498164C1870006AEFB1 /* CreditsViewController.xib in Resources */,
				C35054A5164C18C0006AEFB1 /* Icon-72.png in Resources */,
				C35054A6164C18C0006AEFB1 /* Icon-72@2x.png in Resources */,
				C35054A7164C18C0006AEFB1 /* Icon-Small-50.png in Resources */,
				C35054A8164C18C0006AEFB1 /* Icon-Small-50@2x.png in Resources */,
				C35054A9164C18C0006AEFB1 /* Icon-Small.png in Resources */,
				C35054AA164C18C0006AEFB1 /* Icon-Small@2x.png in Resources */,
				C35054AB164C18C0006AEFB1 /* Icon.png in Resources */,
				C35054AC164C18C0006AEFB1 /* Icon@2x.png in Resources */,
				C35054AD164C18C0006AEFB1 /* iTunesArtwork.png in Resources */,
				C35054AE164C18C0006AEFB1 /* iTunesArtwork@2x.png in Resources */,
				C35054B1164C18E0006AEFB1 /* Default-568h@2x.png in Resources */,
				C35054BC164C18F3006AEFB1 /* icon-about.png in Resources */,
				C35054BD164C18F3006AEFB1 /* icon-about@2x.png in Resources */,
				C35054BE164C18F3006AEFB1 /* icon-cameras.png in Resources */,
				C35054BF164C18F3006AEFB1 /* icon-cameras@2x.png in Resources */,
				C35054C0164C18F3006AEFB1 /* icon-sets.png in Resources */,
				C35054C1164C18F3006AEFB1 /* icon-sets@2x.png in Resources */,
				C35054C2164C18F3006AEFB1 /* logo-about.png in Resources */,
				C35054C3164C18F3006AEFB1 /* logo-about@2x.png in Resources */,
				C35054C4164C18F3006AEFB1 /* logo.png in Resources */,
				C35054C5164C18F3006AEFB1 /* logo@2x.png in Resources */,
				C35054CA164C19B5006AEFB1 /* main-background-dark.png in Resources */,
				C35054CB164C19B5006AEFB1 /* main-background-dark@2x.png in Resources */,
				C35054CC164C19B5006AEFB1 /* main-background.png in Resources */,
				C35054CD164C19B5006AEFB1 /* main-background@2x.png in Resources */,
				C350553B164C27F2006AEFB1 /* SetsViewController.xib in Resources */,
				C3505540164C292B006AEFB1 /* CamerasViewController.xib in Resources */,
				C30432A6164C30170037CE05 /* MainWindow.xib in Resources */,
			);
			runOnlyForDeploymentPostprocessing = 0;
		};
/* End PBXResourcesBuildPhase section */

/* Begin PBXSourcesBuildPhase section */
		C636B81F143B7538008CB95D /* Sources */ = {
			isa = PBXSourcesBuildPhase;
			buildActionMask = 2147483647;
			files = (
				C2E7073D160290BA00EAC308 /* MotionJpegImageView.m in Sources */,
				C2E7073E160290BA00EAC308 /* AppDelegate.m in Sources */,
				C2E7074C1602913A00EAC308 /* main.m in Sources */,
				C35054D0164C19D6006AEFB1 /* CreditsViewController.m in Sources */,
				C350553A164C27F2006AEFB1 /* SetsViewController.m in Sources */,
				C350553F164C292B006AEFB1 /* CamerasViewController.m in Sources */,
			);
			runOnlyForDeploymentPostprocessing = 0;
		};
/* End PBXSourcesBuildPhase section */

/* Begin XCBuildConfiguration section */
		C636B847143B7538008CB95D /* Debug */ = {
			isa = XCBuildConfiguration;
			buildSettings = {
				ALWAYS_SEARCH_USER_PATHS = NO;
				ARCHS = "$(ARCHS_STANDARD_32_BIT)";
				"CODE_SIGN_IDENTITY[sdk=iphoneos*]" = "iPhone Developer";
				COPY_PHASE_STRIP = NO;
				GCC_C_LANGUAGE_STANDARD = gnu99;
				GCC_DYNAMIC_NO_PIC = NO;
				GCC_OPTIMIZATION_LEVEL = 0;
				GCC_PREPROCESSOR_DEFINITIONS = (
					"DEBUG=1",
					"$(inherited)",
				);
				GCC_SYMBOLS_PRIVATE_EXTERN = NO;
				GCC_VERSION = com.apple.compilers.llvmgcc42;
				GCC_WARN_ABOUT_MISSING_PROTOTYPES = YES;
				GCC_WARN_ABOUT_RETURN_TYPE = YES;
				GCC_WARN_UNUSED_VARIABLE = YES;
				IPHONEOS_DEPLOYMENT_TARGET = 4.3;
				SDKROOT = iphoneos;
				TARGETED_DEVICE_FAMILY = "1,2";
			};
			name = Debug;
		};
		C636B848143B7538008CB95D /* Release */ = {
			isa = XCBuildConfiguration;
			buildSettings = {
				ALWAYS_SEARCH_USER_PATHS = NO;
				ARCHS = "$(ARCHS_STANDARD_32_BIT)";
				"CODE_SIGN_IDENTITY[sdk=iphoneos*]" = "iPhone Developer";
				COPY_PHASE_STRIP = YES;
				GCC_C_LANGUAGE_STANDARD = gnu99;
				GCC_VERSION = com.apple.compilers.llvmgcc42;
				GCC_WARN_ABOUT_MISSING_PROTOTYPES = YES;
				GCC_WARN_ABOUT_RETURN_TYPE = YES;
				GCC_WARN_UNUSED_VARIABLE = YES;
				IPHONEOS_DEPLOYMENT_TARGET = 4.3;
				OTHER_CFLAGS = "-DNS_BLOCK_ASSERTIONS=1";
				SDKROOT = iphoneos;
				TARGETED_DEVICE_FAMILY = "1,2";
				VALIDATE_PRODUCT = YES;
			};
			name = Release;
		};
		C636B84A143B7538008CB95D /* Debug */ = {
			isa = XCBuildConfiguration;
			buildSettings = {
				GCC_PRECOMPILE_PREFIX_HEADER = YES;
				GCC_PREFIX_HEADER = "cameria/cameria.xcodeproj-Prefix.pch";
				GCC_VERSION = com.apple.compilers.llvm.clang.1_0;
				INFOPLIST_FILE = "cameria/cameria.xcodeproj-Info.plist";
				PRODUCT_NAME = cameria;
				WRAPPER_EXTENSION = app;
			};
			name = Debug;
		};
		C636B84B143B7538008CB95D /* Release */ = {
			isa = XCBuildConfiguration;
			buildSettings = {
				GCC_PRECOMPILE_PREFIX_HEADER = YES;
				GCC_PREFIX_HEADER = "cameria/cameria.xcodeproj-Prefix.pch";
				GCC_VERSION = com.apple.compilers.llvm.clang.1_0;
				INFOPLIST_FILE = "cameria/cameria.xcodeproj-Info.plist";
				PRODUCT_NAME = cameria;
				WRAPPER_EXTENSION = app;
			};
			name = Release;
		};
/* End XCBuildConfiguration section */

/* Begin XCConfigurationList section */
		C636B81D143B7538008CB95D /* Build configuration list for PBXProject "cameria" */ = {
			isa = XCConfigurationList;
			buildConfigurations = (
				C636B847143B7538008CB95D /* Debug */,
				C636B848143B7538008CB95D /* Release */,
			);
			defaultConfigurationIsVisible = 0;
			defaultConfigurationName = Release;
		};
		C636B849143B7538008CB95D /* Build configuration list for PBXNativeTarget "cameria" */ = {
			isa = XCConfigurationList;
			buildConfigurations = (
				C636B84A143B7538008CB95D /* Debug */,
				C636B84B143B7538008CB95D /* Release */,
			);
			defaultConfigurationIsVisible = 0;
			defaultConfigurationName = Release;
		};
/* End XCConfigurationList section */
	};
	rootObject = C636B81A143B7538008CB95D /* Project object */;
}
