// !$*UTF8*$!
{
	archiveVersion = 1;
	classes = {
	};
	objectVersion = 46;
	objects = {

/* Begin PBXBuildFile section */
		C351F5461652A9E40072BF7E /* AppDelegate.m in Sources */ = {isa = PBXBuildFile; fileRef = C351F52C1652A9E40072BF7E /* AppDelegate.m */; };
		C351F5471652A9E40072BF7E /* CamerasViewController.m in Sources */ = {isa = PBXBuildFile; fileRef = C351F52E1652A9E40072BF7E /* CamerasViewController.m */; };
		C351F5481652A9E40072BF7E /* CameraViewController.m in Sources */ = {isa = PBXBuildFile; fileRef = C351F5301652A9E40072BF7E /* CameraViewController.m */; };
		C351F5491652A9E40072BF7E /* CreditsViewController.m in Sources */ = {isa = PBXBuildFile; fileRef = C351F5331652A9E40072BF7E /* CreditsViewController.m */; };
		C351F54A1652A9E40072BF7E /* HMJsonRequest.m in Sources */ = {isa = PBXBuildFile; fileRef = C351F5351652A9E40072BF7E /* HMJsonRequest.m */; };
		C351F54B1652A9E40072BF7E /* LoginViewController.m in Sources */ = {isa = PBXBuildFile; fileRef = C351F5381652A9E40072BF7E /* LoginViewController.m */; };
		C351F54C1652A9E40072BF7E /* main.m in Sources */ = {isa = PBXBuildFile; fileRef = C351F5391652A9E40072BF7E /* main.m */; };
		C351F54D1652A9E40072BF7E /* MosaicView.m in Sources */ = {isa = PBXBuildFile; fileRef = C351F53B1652A9E40072BF7E /* MosaicView.m */; };
		C351F54E1652A9E40072BF7E /* MosaicViewController.m in Sources */ = {isa = PBXBuildFile; fileRef = C351F53D1652A9E40072BF7E /* MosaicViewController.m */; };
		C351F54F1652A9E40072BF7E /* MotionJpegImageView.m in Sources */ = {isa = PBXBuildFile; fileRef = C351F53F1652A9E40072BF7E /* MotionJpegImageView.m */; };
		C351F5501652A9E40072BF7E /* ProxyRequest.m in Sources */ = {isa = PBXBuildFile; fileRef = C351F5421652A9E40072BF7E /* ProxyRequest.m */; };
		C351F5511652A9E40072BF7E /* SetsViewController.m in Sources */ = {isa = PBXBuildFile; fileRef = C351F5451652A9E40072BF7E /* SetsViewController.m */; };
		C351F5531652AA800072BF7E /* static in Resources */ = {isa = PBXBuildFile; fileRef = C351F5521652AA800072BF7E /* static */; };
		C351F5561652AAC10072BF7E /* support in Resources */ = {isa = PBXBuildFile; fileRef = C351F5551652AAC10072BF7E /* support */; };
		C351F5581652AB0B0072BF7E /* views in Resources */ = {isa = PBXBuildFile; fileRef = C351F5571652AB0B0072BF7E /* views */; };
		C636B828143B7538008CB95D /* UIKit.framework in Frameworks */ = {isa = PBXBuildFile; fileRef = C636B827143B7538008CB95D /* UIKit.framework */; };
		C636B82A143B7538008CB95D /* Foundation.framework in Frameworks */ = {isa = PBXBuildFile; fileRef = C636B829143B7538008CB95D /* Foundation.framework */; };
		C636B82C143B7538008CB95D /* CoreGraphics.framework in Frameworks */ = {isa = PBXBuildFile; fileRef = C636B82B143B7538008CB95D /* CoreGraphics.framework */; };
/* End PBXBuildFile section */

/* Begin PBXFileReference section */
		C351F52B1652A9E40072BF7E /* AppDelegate.h */ = {isa = PBXFileReference; fileEncoding = 4; lastKnownFileType = sourcecode.c.h; name = AppDelegate.h; path = cameria/classes/AppDelegate.h; sourceTree = SOURCE_ROOT; };
		C351F52C1652A9E40072BF7E /* AppDelegate.m */ = {isa = PBXFileReference; fileEncoding = 4; lastKnownFileType = sourcecode.c.objc; name = AppDelegate.m; path = cameria/classes/AppDelegate.m; sourceTree = SOURCE_ROOT; };
		C351F52D1652A9E40072BF7E /* CamerasViewController.h */ = {isa = PBXFileReference; fileEncoding = 4; lastKnownFileType = sourcecode.c.h; name = CamerasViewController.h; path = cameria/classes/CamerasViewController.h; sourceTree = SOURCE_ROOT; };
		C351F52E1652A9E40072BF7E /* CamerasViewController.m */ = {isa = PBXFileReference; fileEncoding = 4; lastKnownFileType = sourcecode.c.objc; name = CamerasViewController.m; path = cameria/classes/CamerasViewController.m; sourceTree = SOURCE_ROOT; };
		C351F52F1652A9E40072BF7E /* CameraViewController.h */ = {isa = PBXFileReference; fileEncoding = 4; lastKnownFileType = sourcecode.c.h; name = CameraViewController.h; path = cameria/classes/CameraViewController.h; sourceTree = SOURCE_ROOT; };
		C351F5301652A9E40072BF7E /* CameraViewController.m */ = {isa = PBXFileReference; fileEncoding = 4; lastKnownFileType = sourcecode.c.objc; name = CameraViewController.m; path = cameria/classes/CameraViewController.m; sourceTree = SOURCE_ROOT; };
		C351F5311652A9E40072BF7E /* CameraViewHandler.h */ = {isa = PBXFileReference; fileEncoding = 4; lastKnownFileType = sourcecode.c.h; name = CameraViewHandler.h; path = cameria/classes/CameraViewHandler.h; sourceTree = SOURCE_ROOT; };
		C351F5321652A9E40072BF7E /* CreditsViewController.h */ = {isa = PBXFileReference; fileEncoding = 4; lastKnownFileType = sourcecode.c.h; name = CreditsViewController.h; path = cameria/classes/CreditsViewController.h; sourceTree = SOURCE_ROOT; };
		C351F5331652A9E40072BF7E /* CreditsViewController.m */ = {isa = PBXFileReference; fileEncoding = 4; lastKnownFileType = sourcecode.c.objc; name = CreditsViewController.m; path = cameria/classes/CreditsViewController.m; sourceTree = SOURCE_ROOT; };
		C351F5341652A9E40072BF7E /* HMJsonRequest.h */ = {isa = PBXFileReference; fileEncoding = 4; lastKnownFileType = sourcecode.c.h; name = HMJsonRequest.h; path = cameria/classes/HMJsonRequest.h; sourceTree = SOURCE_ROOT; };
		C351F5351652A9E40072BF7E /* HMJsonRequest.m */ = {isa = PBXFileReference; fileEncoding = 4; lastKnownFileType = sourcecode.c.objc; name = HMJsonRequest.m; path = cameria/classes/HMJsonRequest.m; sourceTree = SOURCE_ROOT; };
		C351F5361652A9E40072BF7E /* HMJsonRequestDelegate.h */ = {isa = PBXFileReference; fileEncoding = 4; lastKnownFileType = sourcecode.c.h; name = HMJsonRequestDelegate.h; path = cameria/classes/HMJsonRequestDelegate.h; sourceTree = SOURCE_ROOT; };
		C351F5371652A9E40072BF7E /* LoginViewController.h */ = {isa = PBXFileReference; fileEncoding = 4; lastKnownFileType = sourcecode.c.h; name = LoginViewController.h; path = cameria/classes/LoginViewController.h; sourceTree = SOURCE_ROOT; };
		C351F5381652A9E40072BF7E /* LoginViewController.m */ = {isa = PBXFileReference; fileEncoding = 4; lastKnownFileType = sourcecode.c.objc; name = LoginViewController.m; path = cameria/classes/LoginViewController.m; sourceTree = SOURCE_ROOT; };
		C351F5391652A9E40072BF7E /* main.m */ = {isa = PBXFileReference; fileEncoding = 4; lastKnownFileType = sourcecode.c.objc; name = main.m; path = cameria/classes/main.m; sourceTree = SOURCE_ROOT; };
		C351F53A1652A9E40072BF7E /* MosaicView.h */ = {isa = PBXFileReference; fileEncoding = 4; lastKnownFileType = sourcecode.c.h; name = MosaicView.h; path = cameria/classes/MosaicView.h; sourceTree = SOURCE_ROOT; };
		C351F53B1652A9E40072BF7E /* MosaicView.m */ = {isa = PBXFileReference; fileEncoding = 4; lastKnownFileType = sourcecode.c.objc; name = MosaicView.m; path = cameria/classes/MosaicView.m; sourceTree = SOURCE_ROOT; };
		C351F53C1652A9E40072BF7E /* MosaicViewController.h */ = {isa = PBXFileReference; fileEncoding = 4; lastKnownFileType = sourcecode.c.h; name = MosaicViewController.h; path = cameria/classes/MosaicViewController.h; sourceTree = SOURCE_ROOT; };
		C351F53D1652A9E40072BF7E /* MosaicViewController.m */ = {isa = PBXFileReference; fileEncoding = 4; lastKnownFileType = sourcecode.c.objc; name = MosaicViewController.m; path = cameria/classes/MosaicViewController.m; sourceTree = SOURCE_ROOT; };
		C351F53E1652A9E40072BF7E /* MotionJpegImageView.h */ = {isa = PBXFileReference; fileEncoding = 4; lastKnownFileType = sourcecode.c.h; name = MotionJpegImageView.h; path = cameria/classes/MotionJpegImageView.h; sourceTree = SOURCE_ROOT; };
		C351F53F1652A9E40072BF7E /* MotionJpegImageView.m */ = {isa = PBXFileReference; fileEncoding = 4; lastKnownFileType = sourcecode.c.objc; name = MotionJpegImageView.m; path = cameria/classes/MotionJpegImageView.m; sourceTree = SOURCE_ROOT; };
		C351F5401652A9E40072BF7E /* MotionJpegImageViewDelegate.h */ = {isa = PBXFileReference; fileEncoding = 4; lastKnownFileType = sourcecode.c.h; name = MotionJpegImageViewDelegate.h; path = cameria/classes/MotionJpegImageViewDelegate.h; sourceTree = SOURCE_ROOT; };
		C351F5411652A9E40072BF7E /* ProxyRequest.h */ = {isa = PBXFileReference; fileEncoding = 4; lastKnownFileType = sourcecode.c.h; name = ProxyRequest.h; path = cameria/classes/ProxyRequest.h; sourceTree = SOURCE_ROOT; };
		C351F5421652A9E40072BF7E /* ProxyRequest.m */ = {isa = PBXFileReference; fileEncoding = 4; lastKnownFileType = sourcecode.c.objc; name = ProxyRequest.m; path = cameria/classes/ProxyRequest.m; sourceTree = SOURCE_ROOT; };
		C351F5431652A9E40072BF7E /* ProxyRequestDelegate.h */ = {isa = PBXFileReference; fileEncoding = 4; lastKnownFileType = sourcecode.c.h; name = ProxyRequestDelegate.h; path = cameria/classes/ProxyRequestDelegate.h; sourceTree = SOURCE_ROOT; };
		C351F5441652A9E40072BF7E /* SetsViewController.h */ = {isa = PBXFileReference; fileEncoding = 4; lastKnownFileType = sourcecode.c.h; name = SetsViewController.h; path = cameria/classes/SetsViewController.h; sourceTree = SOURCE_ROOT; };
		C351F5451652A9E40072BF7E /* SetsViewController.m */ = {isa = PBXFileReference; fileEncoding = 4; lastKnownFileType = sourcecode.c.objc; name = SetsViewController.m; path = cameria/classes/SetsViewController.m; sourceTree = SOURCE_ROOT; };
		C351F5521652AA800072BF7E /* static */ = {isa = PBXFileReference; lastKnownFileType = folder; name = static; path = cameria/static; sourceTree = SOURCE_ROOT; };
		C351F5551652AAC10072BF7E /* support */ = {isa = PBXFileReference; lastKnownFileType = folder; name = support; path = cameria/support; sourceTree = SOURCE_ROOT; };
		C351F5571652AB0B0072BF7E /* views */ = {isa = PBXFileReference; lastKnownFileType = folder; name = views; path = cameria/views; sourceTree = SOURCE_ROOT; };
		C3FB2889164D843F008F4981 /* Dependencies.h */ = {isa = PBXFileReference; fileEncoding = 4; lastKnownFileType = sourcecode.c.h; name = Dependencies.h; path = cameria/classes/Dependencies.h; sourceTree = SOURCE_ROOT; };
		C636B823143B7538008CB95D /* cameria.app */ = {isa = PBXFileReference; explicitFileType = wrapper.application; includeInIndex = 0; path = cameria.app; sourceTree = BUILT_PRODUCTS_DIR; };
		C636B827143B7538008CB95D /* UIKit.framework */ = {isa = PBXFileReference; lastKnownFileType = wrapper.framework; name = UIKit.framework; path = System/Library/Frameworks/UIKit.framework; sourceTree = SDKROOT; };
		C636B829143B7538008CB95D /* Foundation.framework */ = {isa = PBXFileReference; lastKnownFileType = wrapper.framework; name = Foundation.framework; path = System/Library/Frameworks/Foundation.framework; sourceTree = SDKROOT; };
		C636B82B143B7538008CB95D /* CoreGraphics.framework */ = {isa = PBXFileReference; lastKnownFileType = wrapper.framework; name = CoreGraphics.framework; path = System/Library/Frameworks/CoreGraphics.framework; sourceTree = SDKROOT; };
/* End PBXFileReference section */

/* Begin PBXFrameworksBuildPhase section */
		C636B820143B7538008CB95D /* Frameworks */ = {
			isa = PBXFrameworksBuildPhase;
			buildActionMask = 2147483647;
			files = (
				C636B828143B7538008CB95D /* UIKit.framework in Frameworks */,
				C636B82A143B7538008CB95D /* Foundation.framework in Frameworks */,
				C636B82C143B7538008CB95D /* CoreGraphics.framework in Frameworks */,
			);
			runOnlyForDeploymentPostprocessing = 0;
		};
/* End PBXFrameworksBuildPhase section */

/* Begin PBXGroup section */
		C3FB2888164D8437008F4981 /* classes */ = {
			isa = PBXGroup;
			children = (
				C351F52B1652A9E40072BF7E /* AppDelegate.h */,
				C351F52C1652A9E40072BF7E /* AppDelegate.m */,
				C351F52D1652A9E40072BF7E /* CamerasViewController.h */,
				C351F52E1652A9E40072BF7E /* CamerasViewController.m */,
				C351F52F1652A9E40072BF7E /* CameraViewController.h */,
				C351F5301652A9E40072BF7E /* CameraViewController.m */,
				C351F5311652A9E40072BF7E /* CameraViewHandler.h */,
				C351F5321652A9E40072BF7E /* CreditsViewController.h */,
				C351F5331652A9E40072BF7E /* CreditsViewController.m */,
				C3FB2889164D843F008F4981 /* Dependencies.h */,
				C351F5341652A9E40072BF7E /* HMJsonRequest.h */,
				C351F5351652A9E40072BF7E /* HMJsonRequest.m */,
				C351F5361652A9E40072BF7E /* HMJsonRequestDelegate.h */,
				C351F5371652A9E40072BF7E /* LoginViewController.h */,
				C351F5381652A9E40072BF7E /* LoginViewController.m */,
				C351F5391652A9E40072BF7E /* main.m */,
				C351F53A1652A9E40072BF7E /* MosaicView.h */,
				C351F53B1652A9E40072BF7E /* MosaicView.m */,
				C351F53C1652A9E40072BF7E /* MosaicViewController.h */,
				C351F53D1652A9E40072BF7E /* MosaicViewController.m */,
				C351F53E1652A9E40072BF7E /* MotionJpegImageView.h */,
				C351F53F1652A9E40072BF7E /* MotionJpegImageView.m */,
				C351F5401652A9E40072BF7E /* MotionJpegImageViewDelegate.h */,
				C351F5411652A9E40072BF7E /* ProxyRequest.h */,
				C351F5421652A9E40072BF7E /* ProxyRequest.m */,
				C351F5431652A9E40072BF7E /* ProxyRequestDelegate.h */,
				C351F5441652A9E40072BF7E /* SetsViewController.h */,
				C351F5451652A9E40072BF7E /* SetsViewController.m */,
			);
			name = classes;
			sourceTree = "<group>";
		};
		C636B818143B7538008CB95D = {
			isa = PBXGroup;
			children = (
				C636B82D143B7538008CB95D /* Cameria */,
				C636B826143B7538008CB95D /* Frameworks */,
				C636B824143B7538008CB95D /* Products */,
			);
			sourceTree = "<group>";
		};
		C636B824143B7538008CB95D /* Products */ = {
			isa = PBXGroup;
			children = (
				C636B823143B7538008CB95D /* cameria.app */,
			);
			name = Products;
			sourceTree = "<group>";
		};
		C636B826143B7538008CB95D /* Frameworks */ = {
			isa = PBXGroup;
			children = (
				C636B827143B7538008CB95D /* UIKit.framework */,
				C636B829143B7538008CB95D /* Foundation.framework */,
				C636B82B143B7538008CB95D /* CoreGraphics.framework */,
			);
			name = Frameworks;
			sourceTree = "<group>";
		};
		C636B82D143B7538008CB95D /* Cameria */ = {
			isa = PBXGroup;
			children = (
				C3FB2888164D8437008F4981 /* classes */,
				C351F5521652AA800072BF7E /* static */,
				C351F5551652AAC10072BF7E /* support */,
				C351F5571652AB0B0072BF7E /* views */,
			);
			name = Cameria;
			path = MotionJpegImageView;
			sourceTree = "<group>";
		};
/* End PBXGroup section */

/* Begin PBXNativeTarget section */
		C636B822143B7538008CB95D /* cameria */ = {
			isa = PBXNativeTarget;
			buildConfigurationList = C636B849143B7538008CB95D /* Build configuration list for PBXNativeTarget "cameria" */;
			buildPhases = (
				C636B81F143B7538008CB95D /* Sources */,
				C636B820143B7538008CB95D /* Frameworks */,
				C636B821143B7538008CB95D /* Resources */,
			);
			buildRules = (
			);
			dependencies = (
			);
			name = cameria;
			productName = MotionJpegImageView;
			productReference = C636B823143B7538008CB95D /* cameria.app */;
			productType = "com.apple.product-type.application";
		};
/* End PBXNativeTarget section */

/* Begin PBXProject section */
		C636B81A143B7538008CB95D /* Project object */ = {
			isa = PBXProject;
			attributes = {
				LastUpgradeCheck = 0450;
				ORGANIZATIONNAME = "ThinkFlood Inc";
			};
			buildConfigurationList = C636B81D143B7538008CB95D /* Build configuration list for PBXProject "cameria" */;
			compatibilityVersion = "Xcode 3.2";
			developmentRegion = English;
			hasScannedForEncodings = 0;
			knownRegions = (
				en,
			);
			mainGroup = C636B818143B7538008CB95D;
			productRefGroup = C636B824143B7538008CB95D /* Products */;
			projectDirPath = "";
			projectRoot = "";
			targets = (
				C636B822143B7538008CB95D /* cameria */,
			);
		};
/* End PBXProject section */

/* Begin PBXResourcesBuildPhase section */
		C636B821143B7538008CB95D /* Resources */ = {
			isa = PBXResourcesBuildPhase;
			buildActionMask = 2147483647;
			files = (
				C351F5531652AA800072BF7E /* static in Resources */,
				C351F5561652AAC10072BF7E /* support in Resources */,
				C351F5581652AB0B0072BF7E /* views in Resources */,
			);
			runOnlyForDeploymentPostprocessing = 0;
		};
/* End PBXResourcesBuildPhase section */

/* Begin PBXSourcesBuildPhase section */
		C636B81F143B7538008CB95D /* Sources */ = {
			isa = PBXSourcesBuildPhase;
			buildActionMask = 2147483647;
			files = (
				C351F5461652A9E40072BF7E /* AppDelegate.m in Sources */,
				C351F5471652A9E40072BF7E /* CamerasViewController.m in Sources */,
				C351F5481652A9E40072BF7E /* CameraViewController.m in Sources */,
				C351F5491652A9E40072BF7E /* CreditsViewController.m in Sources */,
				C351F54A1652A9E40072BF7E /* HMJsonRequest.m in Sources */,
				C351F54B1652A9E40072BF7E /* LoginViewController.m in Sources */,
				C351F54C1652A9E40072BF7E /* main.m in Sources */,
				C351F54D1652A9E40072BF7E /* MosaicView.m in Sources */,
				C351F54E1652A9E40072BF7E /* MosaicViewController.m in Sources */,
				C351F54F1652A9E40072BF7E /* MotionJpegImageView.m in Sources */,
				C351F5501652A9E40072BF7E /* ProxyRequest.m in Sources */,
				C351F5511652A9E40072BF7E /* SetsViewController.m in Sources */,
			);
			runOnlyForDeploymentPostprocessing = 0;
		};
/* End PBXSourcesBuildPhase section */

/* Begin XCBuildConfiguration section */
		C636B847143B7538008CB95D /* Debug */ = {
			isa = XCBuildConfiguration;
			buildSettings = {
				ALWAYS_SEARCH_USER_PATHS = NO;
				ARCHS = "$(ARCHS_STANDARD_32_BIT)";
				"CODE_SIGN_IDENTITY[sdk=iphoneos*]" = "iPhone Developer";
				COPY_PHASE_STRIP = NO;
				GCC_C_LANGUAGE_STANDARD = gnu99;
				GCC_DYNAMIC_NO_PIC = NO;
				GCC_OPTIMIZATION_LEVEL = 0;
				GCC_PREPROCESSOR_DEFINITIONS = (
					"DEBUG=1",
					"$(inherited)",
				);
				GCC_SYMBOLS_PRIVATE_EXTERN = NO;
				GCC_VERSION = com.apple.compilers.llvmgcc42;
				GCC_WARN_ABOUT_MISSING_PROTOTYPES = YES;
				GCC_WARN_ABOUT_RETURN_TYPE = YES;
				GCC_WARN_UNUSED_VARIABLE = YES;
				IPHONEOS_DEPLOYMENT_TARGET = 5.0;
				SDKROOT = iphoneos;
				TARGETED_DEVICE_FAMILY = "1,2";
			};
			name = Debug;
		};
		C636B848143B7538008CB95D /* Release */ = {
			isa = XCBuildConfiguration;
			buildSettings = {
				ALWAYS_SEARCH_USER_PATHS = NO;
				ARCHS = "$(ARCHS_STANDARD_32_BIT)";
				"CODE_SIGN_IDENTITY[sdk=iphoneos*]" = "iPhone Developer";
				COPY_PHASE_STRIP = YES;
				GCC_C_LANGUAGE_STANDARD = gnu99;
				GCC_VERSION = com.apple.compilers.llvmgcc42;
				GCC_WARN_ABOUT_MISSING_PROTOTYPES = YES;
				GCC_WARN_ABOUT_RETURN_TYPE = YES;
				GCC_WARN_UNUSED_VARIABLE = YES;
				IPHONEOS_DEPLOYMENT_TARGET = 5.0;
				OTHER_CFLAGS = "-DNS_BLOCK_ASSERTIONS=1";
				SDKROOT = iphoneos;
				TARGETED_DEVICE_FAMILY = "1,2";
				VALIDATE_PRODUCT = YES;
			};
			name = Release;
		};
		C636B84A143B7538008CB95D /* Debug */ = {
			isa = XCBuildConfiguration;
			buildSettings = {
				CLANG_ENABLE_OBJC_ARC = YES;
				GCC_PRECOMPILE_PREFIX_HEADER = YES;
				GCC_PREFIX_HEADER = "cameria/support/cameria.xcodeproj-Prefix.pch";
				GCC_VERSION = com.apple.compilers.llvm.clang.1_0;
				INFOPLIST_FILE = "cameria/support/cameria.xcodeproj-Info.plist";
				IPHONEOS_DEPLOYMENT_TARGET = 5.0;
				PRODUCT_NAME = cameria;
				WRAPPER_EXTENSION = app;
			};
			name = Debug;
		};
		C636B84B143B7538008CB95D /* Release */ = {
			isa = XCBuildConfiguration;
			buildSettings = {
				CLANG_ENABLE_OBJC_ARC = YES;
				GCC_PRECOMPILE_PREFIX_HEADER = YES;
				GCC_PREFIX_HEADER = "cameria/support/cameria.xcodeproj-Prefix.pch";
				GCC_VERSION = com.apple.compilers.llvm.clang.1_0;
				INFOPLIST_FILE = "cameria/support/cameria.xcodeproj-Info.plist";
				IPHONEOS_DEPLOYMENT_TARGET = 5.0;
				PRODUCT_NAME = cameria;
				WRAPPER_EXTENSION = app;
			};
			name = Release;
		};
/* End XCBuildConfiguration section */

/* Begin XCConfigurationList section */
		C636B81D143B7538008CB95D /* Build configuration list for PBXProject "cameria" */ = {
			isa = XCConfigurationList;
			buildConfigurations = (
				C636B847143B7538008CB95D /* Debug */,
				C636B848143B7538008CB95D /* Release */,
			);
			defaultConfigurationIsVisible = 0;
			defaultConfigurationName = Release;
		};
		C636B849143B7538008CB95D /* Build configuration list for PBXNativeTarget "cameria" */ = {
			isa = XCConfigurationList;
			buildConfigurations = (
				C636B84A143B7538008CB95D /* Debug */,
				C636B84B143B7538008CB95D /* Release */,
			);
			defaultConfigurationIsVisible = 0;
			defaultConfigurationName = Release;
		};
/* End XCConfigurationList section */
	};
	rootObject = C636B81A143B7538008CB95D /* Project object */;
}
