// !$*UTF8*$!
{
	archiveVersion = 1;
	classes = {
	};
	objectVersion = 46;
	objects = {

/* Begin PBXBuildFile section */
		C351F5461652A9E40072BF7E /* AppDelegate.m in Sources */ = {isa = PBXBuildFile; fileRef = C351F52C1652A9E40072BF7E /* AppDelegate.m */; };
		C351F5471652A9E40072BF7E /* CamerasViewController.m in Sources */ = {isa = PBXBuildFile; fileRef = C351F52E1652A9E40072BF7E /* CamerasViewController.m */; };
		C351F5481652A9E40072BF7E /* CameraViewController.m in Sources */ = {isa = PBXBuildFile; fileRef = C351F5301652A9E40072BF7E /* CameraViewController.m */; };
		C351F5491652A9E40072BF7E /* CreditsViewController.m in Sources */ = {isa = PBXBuildFile; fileRef = C351F5331652A9E40072BF7E /* CreditsViewController.m */; };
		C351F54A1652A9E40072BF7E /* HMJsonRequest.m in Sources */ = {isa = PBXBuildFile; fileRef = C351F5351652A9E40072BF7E /* HMJsonRequest.m */; };
		C351F54B1652A9E40072BF7E /* LoginViewController.m in Sources */ = {isa = PBXBuildFile; fileRef = C351F5381652A9E40072BF7E /* LoginViewController.m */; };
		C351F54C1652A9E40072BF7E /* main.m in Sources */ = {isa = PBXBuildFile; fileRef = C351F5391652A9E40072BF7E /* main.m */; };
		C351F54D1652A9E40072BF7E /* MosaicView.m in Sources */ = {isa = PBXBuildFile; fileRef = C351F53B1652A9E40072BF7E /* MosaicView.m */; };
		C351F54E1652A9E40072BF7E /* MosaicViewController.m in Sources */ = {isa = PBXBuildFile; fileRef = C351F53D1652A9E40072BF7E /* MosaicViewController.m */; };
		C351F54F1652A9E40072BF7E /* MotionJpegImageView.m in Sources */ = {isa = PBXBuildFile; fileRef = C351F53F1652A9E40072BF7E /* MotionJpegImageView.m */; };
		C351F5501652A9E40072BF7E /* ProxyRequest.m in Sources */ = {isa = PBXBuildFile; fileRef = C351F5421652A9E40072BF7E /* ProxyRequest.m */; };
		C351F5511652A9E40072BF7E /* SetsViewController.m in Sources */ = {isa = PBXBuildFile; fileRef = C351F5451652A9E40072BF7E /* SetsViewController.m */; };
		C3CC018E1652B9AB000EE95F /* Localizable.strings in Resources */ = {isa = PBXBuildFile; fileRef = C3CC01901652B9AB000EE95F /* Localizable.strings */; };
		C3CE1AB51652AD8F00F57EA3 /* CamerasViewController.xib in Resources */ = {isa = PBXBuildFile; fileRef = C3CE1AAE1652AD8F00F57EA3 /* CamerasViewController.xib */; };
		C3CE1AB61652AD8F00F57EA3 /* CameraViewController.xib in Resources */ = {isa = PBXBuildFile; fileRef = C3CE1AAF1652AD8F00F57EA3 /* CameraViewController.xib */; };
		C3CE1AB71652AD8F00F57EA3 /* CreditsViewController.xib in Resources */ = {isa = PBXBuildFile; fileRef = C3CE1AB01652AD8F00F57EA3 /* CreditsViewController.xib */; };
		C3CE1AB81652AD8F00F57EA3 /* LoginViewController.xib in Resources */ = {isa = PBXBuildFile; fileRef = C3CE1AB11652AD8F00F57EA3 /* LoginViewController.xib */; };
		C3CE1AB91652AD8F00F57EA3 /* MainWindow.xib in Resources */ = {isa = PBXBuildFile; fileRef = C3CE1AB21652AD8F00F57EA3 /* MainWindow.xib */; };
		C3CE1ABA1652AD8F00F57EA3 /* MosaicViewController.xib in Resources */ = {isa = PBXBuildFile; fileRef = C3CE1AB31652AD8F00F57EA3 /* MosaicViewController.xib */; };
		C3CE1ABB1652AD8F00F57EA3 /* SetsViewController.xib in Resources */ = {isa = PBXBuildFile; fileRef = C3CE1AB41652AD8F00F57EA3 /* SetsViewController.xib */; };
		C3CE1AE31652AE6B00F57EA3 /* Icon-72.png in Resources */ = {isa = PBXBuildFile; fileRef = C3CE1AC01652AE6B00F57EA3 /* Icon-72.png */; };
		C3CE1AE41652AE6B00F57EA3 /* Icon-72@2x.png in Resources */ = {isa = PBXBuildFile; fileRef = C3CE1AC11652AE6B00F57EA3 /* Icon-72@2x.png */; };
		C3CE1AE51652AE6B00F57EA3 /* Icon-Small-50.png in Resources */ = {isa = PBXBuildFile; fileRef = C3CE1AC21652AE6B00F57EA3 /* Icon-Small-50.png */; };
		C3CE1AE61652AE6B00F57EA3 /* Icon-Small-50@2x.png in Resources */ = {isa = PBXBuildFile; fileRef = C3CE1AC31652AE6B00F57EA3 /* Icon-Small-50@2x.png */; };
		C3CE1AE71652AE6B00F57EA3 /* Icon-Small.png in Resources */ = {isa = PBXBuildFile; fileRef = C3CE1AC41652AE6B00F57EA3 /* Icon-Small.png */; };
		C3CE1AE81652AE6B00F57EA3 /* Icon-Small@2x.png in Resources */ = {isa = PBXBuildFile; fileRef = C3CE1AC51652AE6B00F57EA3 /* Icon-Small@2x.png */; };
		C3CE1AE91652AE6B00F57EA3 /* Icon.png in Resources */ = {isa = PBXBuildFile; fileRef = C3CE1AC61652AE6B00F57EA3 /* Icon.png */; };
		C3CE1AEA1652AE6B00F57EA3 /* Icon@2x.png in Resources */ = {isa = PBXBuildFile; fileRef = C3CE1AC71652AE6B00F57EA3 /* Icon@2x.png */; };
		C3CE1AEB1652AE6B00F57EA3 /* iTunesArtwork.png in Resources */ = {isa = PBXBuildFile; fileRef = C3CE1AC81652AE6B00F57EA3 /* iTunesArtwork.png */; };
		C3CE1AEC1652AE6B00F57EA3 /* iTunesArtwork@2x.png in Resources */ = {isa = PBXBuildFile; fileRef = C3CE1AC91652AE6B00F57EA3 /* iTunesArtwork@2x.png */; };
		C3CE1AED1652AE6B00F57EA3 /* button.png in Resources */ = {isa = PBXBuildFile; fileRef = C3CE1ACB1652AE6B00F57EA3 /* button.png */; };
		C3CE1AEE1652AE6B00F57EA3 /* button@2x.png in Resources */ = {isa = PBXBuildFile; fileRef = C3CE1ACC1652AE6B00F57EA3 /* button@2x.png */; };
		C3CE1AEF1652AE6B00F57EA3 /* error.png in Resources */ = {isa = PBXBuildFile; fileRef = C3CE1ACD1652AE6B00F57EA3 /* error.png */; };
		C3CE1AF01652AE6B00F57EA3 /* error@2x.png in Resources */ = {isa = PBXBuildFile; fileRef = C3CE1ACE1652AE6B00F57EA3 /* error@2x.png */; };
		C3CE1AF11652AE6B00F57EA3 /* icon-about.png in Resources */ = {isa = PBXBuildFile; fileRef = C3CE1ACF1652AE6B00F57EA3 /* icon-about.png */; };
		C3CE1AF21652AE6B00F57EA3 /* icon-about@2x.png in Resources */ = {isa = PBXBuildFile; fileRef = C3CE1AD01652AE6B00F57EA3 /* icon-about@2x.png */; };
		C3CE1AF31652AE6B00F57EA3 /* icon-cameras.png in Resources */ = {isa = PBXBuildFile; fileRef = C3CE1AD11652AE6B00F57EA3 /* icon-cameras.png */; };
		C3CE1AF41652AE6B00F57EA3 /* icon-cameras@2x.png in Resources */ = {isa = PBXBuildFile; fileRef = C3CE1AD21652AE6B00F57EA3 /* icon-cameras@2x.png */; };
		C3CE1AF51652AE6B00F57EA3 /* icon-sets.png in Resources */ = {isa = PBXBuildFile; fileRef = C3CE1AD31652AE6B00F57EA3 /* icon-sets.png */; };
		C3CE1AF61652AE6B00F57EA3 /* icon-sets@2x.png in Resources */ = {isa = PBXBuildFile; fileRef = C3CE1AD41652AE6B00F57EA3 /* icon-sets@2x.png */; };
		C3CE1AF71652AE6B00F57EA3 /* loading.png in Resources */ = {isa = PBXBuildFile; fileRef = C3CE1AD51652AE6B00F57EA3 /* loading.png */; };
		C3CE1AF81652AE6B00F57EA3 /* loading@2x.png in Resources */ = {isa = PBXBuildFile; fileRef = C3CE1AD61652AE6B00F57EA3 /* loading@2x.png */; };
		C3CE1AF91652AE6B00F57EA3 /* logo-about.png in Resources */ = {isa = PBXBuildFile; fileRef = C3CE1AD71652AE6B00F57EA3 /* logo-about.png */; };
		C3CE1AFA1652AE6B00F57EA3 /* logo-about@2x.png in Resources */ = {isa = PBXBuildFile; fileRef = C3CE1AD81652AE6B00F57EA3 /* logo-about@2x.png */; };
		C3CE1AFB1652AE6B00F57EA3 /* logo.png in Resources */ = {isa = PBXBuildFile; fileRef = C3CE1AD91652AE6B00F57EA3 /* logo.png */; };
		C3CE1AFC1652AE6B00F57EA3 /* logo@2x.png in Resources */ = {isa = PBXBuildFile; fileRef = C3CE1ADA1652AE6B00F57EA3 /* logo@2x.png */; };
		C3CE1AFD1652AE6B00F57EA3 /* main-background-dark.png in Resources */ = {isa = PBXBuildFile; fileRef = C3CE1ADB1652AE6B00F57EA3 /* main-background-dark.png */; };
		C3CE1AFE1652AE6B00F57EA3 /* main-background-dark@2x.png in Resources */ = {isa = PBXBuildFile; fileRef = C3CE1ADC1652AE6B00F57EA3 /* main-background-dark@2x.png */; };
		C3CE1AFF1652AE6B00F57EA3 /* main-background.png in Resources */ = {isa = PBXBuildFile; fileRef = C3CE1ADD1652AE6B00F57EA3 /* main-background.png */; };
		C3CE1B001652AE6B00F57EA3 /* main-background@2x.png in Resources */ = {isa = PBXBuildFile; fileRef = C3CE1ADE1652AE6B00F57EA3 /* main-background@2x.png */; };
		C3CE1B011652AE6B00F57EA3 /* textfields_a.png in Resources */ = {isa = PBXBuildFile; fileRef = C3CE1ADF1652AE6B00F57EA3 /* textfields_a.png */; };
		C3CE1B021652AE6B00F57EA3 /* textfields_a@2x.png in Resources */ = {isa = PBXBuildFile; fileRef = C3CE1AE01652AE6B00F57EA3 /* textfields_a@2x.png */; };
		C3CE1B031652AE6B00F57EA3 /* Default-568h@2x.png in Resources */ = {isa = PBXBuildFile; fileRef = C3CE1AE21652AE6B00F57EA3 /* Default-568h@2x.png */; };
		C636B828143B7538008CB95D /* UIKit.framework in Frameworks */ = {isa = PBXBuildFile; fileRef = C636B827143B7538008CB95D /* UIKit.framework */; };
		C636B82A143B7538008CB95D /* Foundation.framework in Frameworks */ = {isa = PBXBuildFile; fileRef = C636B829143B7538008CB95D /* Foundation.framework */; };
		C636B82C143B7538008CB95D /* CoreGraphics.framework in Frameworks */ = {isa = PBXBuildFile; fileRef = C636B82B143B7538008CB95D /* CoreGraphics.framework */; };
/* End PBXBuildFile section */

/* Begin PBXFileReference section */
		C351F52B1652A9E40072BF7E /* AppDelegate.h */ = {isa = PBXFileReference; fileEncoding = 4; lastKnownFileType = sourcecode.c.h; name = AppDelegate.h; path = cameria/classes/AppDelegate.h; sourceTree = SOURCE_ROOT; };
		C351F52C1652A9E40072BF7E /* AppDelegate.m */ = {isa = PBXFileReference; fileEncoding = 4; lastKnownFileType = sourcecode.c.objc; name = AppDelegate.m; path = cameria/classes/AppDelegate.m; sourceTree = SOURCE_ROOT; };
		C351F52D1652A9E40072BF7E /* CamerasViewController.h */ = {isa = PBXFileReference; fileEncoding = 4; lastKnownFileType = sourcecode.c.h; name = CamerasViewController.h; path = cameria/classes/CamerasViewController.h; sourceTree = SOURCE_ROOT; };
		C351F52E1652A9E40072BF7E /* CamerasViewController.m */ = {isa = PBXFileReference; fileEncoding = 4; lastKnownFileType = sourcecode.c.objc; name = CamerasViewController.m; path = cameria/classes/CamerasViewController.m; sourceTree = SOURCE_ROOT; };
		C351F52F1652A9E40072BF7E /* CameraViewController.h */ = {isa = PBXFileReference; fileEncoding = 4; lastKnownFileType = sourcecode.c.h; name = CameraViewController.h; path = cameria/classes/CameraViewController.h; sourceTree = SOURCE_ROOT; };
		C351F5301652A9E40072BF7E /* CameraViewController.m */ = {isa = PBXFileReference; fileEncoding = 4; lastKnownFileType = sourcecode.c.objc; name = CameraViewController.m; path = cameria/classes/CameraViewController.m; sourceTree = SOURCE_ROOT; };
		C351F5311652A9E40072BF7E /* CameraViewHandler.h */ = {isa = PBXFileReference; fileEncoding = 4; lastKnownFileType = sourcecode.c.h; name = CameraViewHandler.h; path = cameria/classes/CameraViewHandler.h; sourceTree = SOURCE_ROOT; };
		C351F5321652A9E40072BF7E /* CreditsViewController.h */ = {isa = PBXFileReference; fileEncoding = 4; lastKnownFileType = sourcecode.c.h; name = CreditsViewController.h; path = cameria/classes/CreditsViewController.h; sourceTree = SOURCE_ROOT; };
		C351F5331652A9E40072BF7E /* CreditsViewController.m */ = {isa = PBXFileReference; fileEncoding = 4; lastKnownFileType = sourcecode.c.objc; name = CreditsViewController.m; path = cameria/classes/CreditsViewController.m; sourceTree = SOURCE_ROOT; };
		C351F5341652A9E40072BF7E /* HMJsonRequest.h */ = {isa = PBXFileReference; fileEncoding = 4; lastKnownFileType = sourcecode.c.h; name = HMJsonRequest.h; path = cameria/classes/HMJsonRequest.h; sourceTree = SOURCE_ROOT; };
		C351F5351652A9E40072BF7E /* HMJsonRequest.m */ = {isa = PBXFileReference; fileEncoding = 4; lastKnownFileType = sourcecode.c.objc; name = HMJsonRequest.m; path = cameria/classes/HMJsonRequest.m; sourceTree = SOURCE_ROOT; };
		C351F5361652A9E40072BF7E /* HMJsonRequestDelegate.h */ = {isa = PBXFileReference; fileEncoding = 4; lastKnownFileType = sourcecode.c.h; name = HMJsonRequestDelegate.h; path = cameria/classes/HMJsonRequestDelegate.h; sourceTree = SOURCE_ROOT; };
		C351F5371652A9E40072BF7E /* LoginViewController.h */ = {isa = PBXFileReference; fileEncoding = 4; lastKnownFileType = sourcecode.c.h; name = LoginViewController.h; path = cameria/classes/LoginViewController.h; sourceTree = SOURCE_ROOT; };
		C351F5381652A9E40072BF7E /* LoginViewController.m */ = {isa = PBXFileReference; fileEncoding = 4; lastKnownFileType = sourcecode.c.objc; name = LoginViewController.m; path = cameria/classes/LoginViewController.m; sourceTree = SOURCE_ROOT; };
		C351F5391652A9E40072BF7E /* main.m */ = {isa = PBXFileReference; fileEncoding = 4; lastKnownFileType = sourcecode.c.objc; name = main.m; path = cameria/classes/main.m; sourceTree = SOURCE_ROOT; };
		C351F53A1652A9E40072BF7E /* MosaicView.h */ = {isa = PBXFileReference; fileEncoding = 4; lastKnownFileType = sourcecode.c.h; name = MosaicView.h; path = cameria/classes/MosaicView.h; sourceTree = SOURCE_ROOT; };
		C351F53B1652A9E40072BF7E /* MosaicView.m */ = {isa = PBXFileReference; fileEncoding = 4; lastKnownFileType = sourcecode.c.objc; name = MosaicView.m; path = cameria/classes/MosaicView.m; sourceTree = SOURCE_ROOT; };
		C351F53C1652A9E40072BF7E /* MosaicViewController.h */ = {isa = PBXFileReference; fileEncoding = 4; lastKnownFileType = sourcecode.c.h; name = MosaicViewController.h; path = cameria/classes/MosaicViewController.h; sourceTree = SOURCE_ROOT; };
		C351F53D1652A9E40072BF7E /* MosaicViewController.m */ = {isa = PBXFileReference; fileEncoding = 4; lastKnownFileType = sourcecode.c.objc; name = MosaicViewController.m; path = cameria/classes/MosaicViewController.m; sourceTree = SOURCE_ROOT; };
		C351F53E1652A9E40072BF7E /* MotionJpegImageView.h */ = {isa = PBXFileReference; fileEncoding = 4; lastKnownFileType = sourcecode.c.h; name = MotionJpegImageView.h; path = cameria/classes/MotionJpegImageView.h; sourceTree = SOURCE_ROOT; };
		C351F53F1652A9E40072BF7E /* MotionJpegImageView.m */ = {isa = PBXFileReference; fileEncoding = 4; lastKnownFileType = sourcecode.c.objc; name = MotionJpegImageView.m; path = cameria/classes/MotionJpegImageView.m; sourceTree = SOURCE_ROOT; };
		C351F5401652A9E40072BF7E /* MotionJpegImageViewDelegate.h */ = {isa = PBXFileReference; fileEncoding = 4; lastKnownFileType = sourcecode.c.h; name = MotionJpegImageViewDelegate.h; path = cameria/classes/MotionJpegImageViewDelegate.h; sourceTree = SOURCE_ROOT; };
		C351F5411652A9E40072BF7E /* ProxyRequest.h */ = {isa = PBXFileReference; fileEncoding = 4; lastKnownFileType = sourcecode.c.h; name = ProxyRequest.h; path = cameria/classes/ProxyRequest.h; sourceTree = SOURCE_ROOT; };
		C351F5421652A9E40072BF7E /* ProxyRequest.m */ = {isa = PBXFileReference; fileEncoding = 4; lastKnownFileType = sourcecode.c.objc; name = ProxyRequest.m; path = cameria/classes/ProxyRequest.m; sourceTree = SOURCE_ROOT; };
		C351F5431652A9E40072BF7E /* ProxyRequestDelegate.h */ = {isa = PBXFileReference; fileEncoding = 4; lastKnownFileType = sourcecode.c.h; name = ProxyRequestDelegate.h; path = cameria/classes/ProxyRequestDelegate.h; sourceTree = SOURCE_ROOT; };
		C351F5441652A9E40072BF7E /* SetsViewController.h */ = {isa = PBXFileReference; fileEncoding = 4; lastKnownFileType = sourcecode.c.h; name = SetsViewController.h; path = cameria/classes/SetsViewController.h; sourceTree = SOURCE_ROOT; };
		C351F5451652A9E40072BF7E /* SetsViewController.m */ = {isa = PBXFileReference; fileEncoding = 4; lastKnownFileType = sourcecode.c.objc; name = SetsViewController.m; path = cameria/classes/SetsViewController.m; sourceTree = SOURCE_ROOT; };
		C3CC018F1652B9AB000EE95F /* en */ = {isa = PBXFileReference; lastKnownFileType = text.plist.strings; name = en; path = en.lproj/Localizable.strings; sourceTree = "<group>"; };
		C3CE1AAE1652AD8F00F57EA3 /* CamerasViewController.xib */ = {isa = PBXFileReference; fileEncoding = 4; lastKnownFileType = file.xib; name = CamerasViewController.xib; path = cameria/views/CamerasViewController.xib; sourceTree = SOURCE_ROOT; };
		C3CE1AAF1652AD8F00F57EA3 /* CameraViewController.xib */ = {isa = PBXFileReference; fileEncoding = 4; lastKnownFileType = file.xib; name = CameraViewController.xib; path = cameria/views/CameraViewController.xib; sourceTree = SOURCE_ROOT; };
		C3CE1AB01652AD8F00F57EA3 /* CreditsViewController.xib */ = {isa = PBXFileReference; fileEncoding = 4; lastKnownFileType = file.xib; name = CreditsViewController.xib; path = cameria/views/CreditsViewController.xib; sourceTree = SOURCE_ROOT; };
		C3CE1AB11652AD8F00F57EA3 /* LoginViewController.xib */ = {isa = PBXFileReference; fileEncoding = 4; lastKnownFileType = file.xib; name = LoginViewController.xib; path = cameria/views/LoginViewController.xib; sourceTree = SOURCE_ROOT; };
		C3CE1AB21652AD8F00F57EA3 /* MainWindow.xib */ = {isa = PBXFileReference; fileEncoding = 4; lastKnownFileType = file.xib; name = MainWindow.xib; path = cameria/views/MainWindow.xib; sourceTree = SOURCE_ROOT; };
		C3CE1AB31652AD8F00F57EA3 /* MosaicViewController.xib */ = {isa = PBXFileReference; fileEncoding = 4; lastKnownFileType = file.xib; name = MosaicViewController.xib; path = cameria/views/MosaicViewController.xib; sourceTree = SOURCE_ROOT; };
		C3CE1AB41652AD8F00F57EA3 /* SetsViewController.xib */ = {isa = PBXFileReference; fileEncoding = 4; lastKnownFileType = file.xib; name = SetsViewController.xib; path = cameria/views/SetsViewController.xib; sourceTree = SOURCE_ROOT; };
		C3CE1AC01652AE6B00F57EA3 /* Icon-72.png */ = {isa = PBXFileReference; lastKnownFileType = image.png; path = "Icon-72.png"; sourceTree = "<group>"; };
		C3CE1AC11652AE6B00F57EA3 /* Icon-72@2x.png */ = {isa = PBXFileReference; lastKnownFileType = image.png; path = "Icon-72@2x.png"; sourceTree = "<group>"; };
		C3CE1AC21652AE6B00F57EA3 /* Icon-Small-50.png */ = {isa = PBXFileReference; lastKnownFileType = image.png; path = "Icon-Small-50.png"; sourceTree = "<group>"; };
		C3CE1AC31652AE6B00F57EA3 /* Icon-Small-50@2x.png */ = {isa = PBXFileReference; lastKnownFileType = image.png; path = "Icon-Small-50@2x.png"; sourceTree = "<group>"; };
		C3CE1AC41652AE6B00F57EA3 /* Icon-Small.png */ = {isa = PBXFileReference; lastKnownFileType = image.png; path = "Icon-Small.png"; sourceTree = "<group>"; };
		C3CE1AC51652AE6B00F57EA3 /* Icon-Small@2x.png */ = {isa = PBXFileReference; lastKnownFileType = image.png; path = "Icon-Small@2x.png"; sourceTree = "<group>"; };
		C3CE1AC61652AE6B00F57EA3 /* Icon.png */ = {isa = PBXFileReference; lastKnownFileType = image.png; path = Icon.png; sourceTree = "<group>"; };
		C3CE1AC71652AE6B00F57EA3 /* Icon@2x.png */ = {isa = PBXFileReference; lastKnownFileType = image.png; path = "Icon@2x.png"; sourceTree = "<group>"; };
		C3CE1AC81652AE6B00F57EA3 /* iTunesArtwork.png */ = {isa = PBXFileReference; lastKnownFileType = image.png; path = iTunesArtwork.png; sourceTree = "<group>"; };
		C3CE1AC91652AE6B00F57EA3 /* iTunesArtwork@2x.png */ = {isa = PBXFileReference; lastKnownFileType = image.png; path = "iTunesArtwork@2x.png"; sourceTree = "<group>"; };
		C3CE1ACB1652AE6B00F57EA3 /* button.png */ = {isa = PBXFileReference; lastKnownFileType = image.png; path = button.png; sourceTree = "<group>"; };
		C3CE1ACC1652AE6B00F57EA3 /* button@2x.png */ = {isa = PBXFileReference; lastKnownFileType = image.png; path = "button@2x.png"; sourceTree = "<group>"; };
		C3CE1ACD1652AE6B00F57EA3 /* error.png */ = {isa = PBXFileReference; lastKnownFileType = image.png; path = error.png; sourceTree = "<group>"; };
		C3CE1ACE1652AE6B00F57EA3 /* error@2x.png */ = {isa = PBXFileReference; lastKnownFileType = image.png; path = "error@2x.png"; sourceTree = "<group>"; };
		C3CE1ACF1652AE6B00F57EA3 /* icon-about.png */ = {isa = PBXFileReference; lastKnownFileType = image.png; path = "icon-about.png"; sourceTree = "<group>"; };
		C3CE1AD01652AE6B00F57EA3 /* icon-about@2x.png */ = {isa = PBXFileReference; lastKnownFileType = image.png; path = "icon-about@2x.png"; sourceTree = "<group>"; };
		C3CE1AD11652AE6B00F57EA3 /* icon-cameras.png */ = {isa = PBXFileReference; lastKnownFileType = image.png; path = "icon-cameras.png"; sourceTree = "<group>"; };
		C3CE1AD21652AE6B00F57EA3 /* icon-cameras@2x.png */ = {isa = PBXFileReference; lastKnownFileType = image.png; path = "icon-cameras@2x.png"; sourceTree = "<group>"; };
		C3CE1AD31652AE6B00F57EA3 /* icon-sets.png */ = {isa = PBXFileReference; lastKnownFileType = image.png; path = "icon-sets.png"; sourceTree = "<group>"; };
		C3CE1AD41652AE6B00F57EA3 /* icon-sets@2x.png */ = {isa = PBXFileReference; lastKnownFileType = image.png; path = "icon-sets@2x.png"; sourceTree = "<group>"; };
		C3CE1AD51652AE6B00F57EA3 /* loading.png */ = {isa = PBXFileReference; lastKnownFileType = image.png; path = loading.png; sourceTree = "<group>"; };
		C3CE1AD61652AE6B00F57EA3 /* loading@2x.png */ = {isa = PBXFileReference; lastKnownFileType = image.png; path = "loading@2x.png"; sourceTree = "<group>"; };
		C3CE1AD71652AE6B00F57EA3 /* logo-about.png */ = {isa = PBXFileReference; lastKnownFileType = image.png; path = "logo-about.png"; sourceTree = "<group>"; };
		C3CE1AD81652AE6B00F57EA3 /* logo-about@2x.png */ = {isa = PBXFileReference; lastKnownFileType = image.png; path = "logo-about@2x.png"; sourceTree = "<group>"; };
		C3CE1AD91652AE6B00F57EA3 /* logo.png */ = {isa = PBXFileReference; lastKnownFileType = image.png; path = logo.png; sourceTree = "<group>"; };
		C3CE1ADA1652AE6B00F57EA3 /* logo@2x.png */ = {isa = PBXFileReference; lastKnownFileType = image.png; path = "logo@2x.png"; sourceTree = "<group>"; };
		C3CE1ADB1652AE6B00F57EA3 /* main-background-dark.png */ = {isa = PBXFileReference; lastKnownFileType = image.png; path = "main-background-dark.png"; sourceTree = "<group>"; };
		C3CE1ADC1652AE6B00F57EA3 /* main-background-dark@2x.png */ = {isa = PBXFileReference; lastKnownFileType = image.png; path = "main-background-dark@2x.png"; sourceTree = "<group>"; };
		C3CE1ADD1652AE6B00F57EA3 /* main-background.png */ = {isa = PBXFileReference; lastKnownFileType = image.png; path = "main-background.png"; sourceTree = "<group>"; };
		C3CE1ADE1652AE6B00F57EA3 /* main-background@2x.png */ = {isa = PBXFileReference; lastKnownFileType = image.png; path = "main-background@2x.png"; sourceTree = "<group>"; };
		C3CE1ADF1652AE6B00F57EA3 /* textfields_a.png */ = {isa = PBXFileReference; lastKnownFileType = image.png; path = textfields_a.png; sourceTree = "<group>"; };
		C3CE1AE01652AE6B00F57EA3 /* textfields_a@2x.png */ = {isa = PBXFileReference; lastKnownFileType = image.png; path = "textfields_a@2x.png"; sourceTree = "<group>"; };
		C3CE1AE21652AE6B00F57EA3 /* Default-568h@2x.png */ = {isa = PBXFileReference; lastKnownFileType = image.png; path = "Default-568h@2x.png"; sourceTree = "<group>"; };
		C3CE1B051652AE9000F57EA3 /* cameria.xcodeproj-Info.plist */ = {isa = PBXFileReference; fileEncoding = 4; lastKnownFileType = text.plist.xml; path = "cameria.xcodeproj-Info.plist"; sourceTree = "<group>"; };
		C3CE1B061652AE9000F57EA3 /* cameria.xcodeproj-Prefix.pch */ = {isa = PBXFileReference; fileEncoding = 4; lastKnownFileType = sourcecode.c.h; path = "cameria.xcodeproj-Prefix.pch"; sourceTree = "<group>"; };
		C3FB2889164D843F008F4981 /* Dependencies.h */ = {isa = PBXFileReference; fileEncoding = 4; lastKnownFileType = sourcecode.c.h; name = Dependencies.h; path = cameria/classes/Dependencies.h; sourceTree = SOURCE_ROOT; };
		C636B823143B7538008CB95D /* cameria.app */ = {isa = PBXFileReference; explicitFileType = wrapper.application; includeInIndex = 0; path = cameria.app; sourceTree = BUILT_PRODUCTS_DIR; };
		C636B827143B7538008CB95D /* UIKit.framework */ = {isa = PBXFileReference; lastKnownFileType = wrapper.framework; name = UIKit.framework; path = System/Library/Frameworks/UIKit.framework; sourceTree = SDKROOT; };
		C636B829143B7538008CB95D /* Foundation.framework */ = {isa = PBXFileReference; lastKnownFileType = wrapper.framework; name = Foundation.framework; path = System/Library/Frameworks/Foundation.framework; sourceTree = SDKROOT; };
		C636B82B143B7538008CB95D /* CoreGraphics.framework */ = {isa = PBXFileReference; lastKnownFileType = wrapper.framework; name = CoreGraphics.framework; path = System/Library/Frameworks/CoreGraphics.framework; sourceTree = SDKROOT; };
/* End PBXFileReference section */

/* Begin PBXFrameworksBuildPhase section */
		C636B820143B7538008CB95D /* Frameworks */ = {
			isa = PBXFrameworksBuildPhase;
			buildActionMask = 2147483647;
			files = (
				C636B828143B7538008CB95D /* UIKit.framework in Frameworks */,
				C636B82A143B7538008CB95D /* Foundation.framework in Frameworks */,
				C636B82C143B7538008CB95D /* CoreGraphics.framework in Frameworks */,
			);
			runOnlyForDeploymentPostprocessing = 0;
		};
/* End PBXFrameworksBuildPhase section */

/* Begin PBXGroup section */
		C3CE1AAD1652AD7F00F57EA3 /* views */ = {
			isa = PBXGroup;
			children = (
				C3CE1AAE1652AD8F00F57EA3 /* CamerasViewController.xib */,
				C3CE1AAF1652AD8F00F57EA3 /* CameraViewController.xib */,
				C3CE1AB01652AD8F00F57EA3 /* CreditsViewController.xib */,
				C3CE1AB11652AD8F00F57EA3 /* LoginViewController.xib */,
				C3CE1AB21652AD8F00F57EA3 /* MainWindow.xib */,
				C3CE1AB31652AD8F00F57EA3 /* MosaicViewController.xib */,
				C3CE1AB41652AD8F00F57EA3 /* SetsViewController.xib */,
			);
			name = views;
			sourceTree = "<group>";
		};
		C3CE1ABE1652AE6B00F57EA3 /* static */ = {
			isa = PBXGroup;
			children = (
				C3CE1ABF1652AE6B00F57EA3 /* icons */,
				C3CE1ACA1652AE6B00F57EA3 /* images */,
				C3CE1AE11652AE6B00F57EA3 /* tiles */,
			);
			name = static;
			path = cameria/static;
			sourceTree = SOURCE_ROOT;
		};
		C3CE1ABF1652AE6B00F57EA3 /* icons */ = {
			isa = PBXGroup;
			children = (
				C3CE1AC01652AE6B00F57EA3 /* Icon-72.png */,
				C3CE1AC11652AE6B00F57EA3 /* Icon-72@2x.png */,
				C3CE1AC21652AE6B00F57EA3 /* Icon-Small-50.png */,
				C3CE1AC31652AE6B00F57EA3 /* Icon-Small-50@2x.png */,
				C3CE1AC41652AE6B00F57EA3 /* Icon-Small.png */,
				C3CE1AC51652AE6B00F57EA3 /* Icon-Small@2x.png */,
				C3CE1AC61652AE6B00F57EA3 /* Icon.png */,
				C3CE1AC71652AE6B00F57EA3 /* Icon@2x.png */,
				C3CE1AC81652AE6B00F57EA3 /* iTunesArtwork.png */,
				C3CE1AC91652AE6B00F57EA3 /* iTunesArtwork@2x.png */,
			);
			path = icons;
			sourceTree = "<group>";
		};
		C3CE1ACA1652AE6B00F57EA3 /* images */ = {
			isa = PBXGroup;
			children = (
				C3CE1ACB1652AE6B00F57EA3 /* button.png */,
				C3CE1ACC1652AE6B00F57EA3 /* button@2x.png */,
				C3CE1ACD1652AE6B00F57EA3 /* error.png */,
				C3CE1ACE1652AE6B00F57EA3 /* error@2x.png */,
				C3CE1ACF1652AE6B00F57EA3 /* icon-about.png */,
				C3CE1AD01652AE6B00F57EA3 /* icon-about@2x.png */,
				C3CE1AD11652AE6B00F57EA3 /* icon-cameras.png */,
				C3CE1AD21652AE6B00F57EA3 /* icon-cameras@2x.png */,
				C3CE1AD31652AE6B00F57EA3 /* icon-sets.png */,
				C3CE1AD41652AE6B00F57EA3 /* icon-sets@2x.png */,
				C3CE1AD51652AE6B00F57EA3 /* loading.png */,
				C3CE1AD61652AE6B00F57EA3 /* loading@2x.png */,
				C3CE1AD71652AE6B00F57EA3 /* logo-about.png */,
				C3CE1AD81652AE6B00F57EA3 /* logo-about@2x.png */,
				C3CE1AD91652AE6B00F57EA3 /* logo.png */,
				C3CE1ADA1652AE6B00F57EA3 /* logo@2x.png */,
				C3CE1ADB1652AE6B00F57EA3 /* main-background-dark.png */,
				C3CE1ADC1652AE6B00F57EA3 /* main-background-dark@2x.png */,
				C3CE1ADD1652AE6B00F57EA3 /* main-background.png */,
				C3CE1ADE1652AE6B00F57EA3 /* main-background@2x.png */,
				C3CE1ADF1652AE6B00F57EA3 /* textfields_a.png */,
				C3CE1AE01652AE6B00F57EA3 /* textfields_a@2x.png */,
			);
			path = images;
			sourceTree = "<group>";
		};
		C3CE1AE11652AE6B00F57EA3 /* tiles */ = {
			isa = PBXGroup;
			children = (
				C3CE1AE21652AE6B00F57EA3 /* Default-568h@2x.png */,
			);
			path = tiles;
			sourceTree = "<group>";
		};
		C3CE1B041652AE8F00F57EA3 /* support */ = {
			isa = PBXGroup;
			children = (
				C3CE1B051652AE9000F57EA3 /* cameria.xcodeproj-Info.plist */,
				C3CE1B061652AE9000F57EA3 /* cameria.xcodeproj-Prefix.pch */,
				C3CC01901652B9AB000EE95F /* Localizable.strings */,
			);
			name = support;
			path = cameria/support;
			sourceTree = SOURCE_ROOT;
		};
		C3FB2888164D8437008F4981 /* classes */ = {
			isa = PBXGroup;
			children = (
				C351F52B1652A9E40072BF7E /* AppDelegate.h */,
				C351F52C1652A9E40072BF7E /* AppDelegate.m */,
				C351F52D1652A9E40072BF7E /* CamerasViewController.h */,
				C351F52E1652A9E40072BF7E /* CamerasViewController.m */,
				C351F52F1652A9E40072BF7E /* CameraViewController.h */,
				C351F5301652A9E40072BF7E /* CameraViewController.m */,
				C351F5311652A9E40072BF7E /* CameraViewHandler.h */,
				C351F5321652A9E40072BF7E /* CreditsViewController.h */,
				C351F5331652A9E40072BF7E /* CreditsViewController.m */,
				C3FB2889164D843F008F4981 /* Dependencies.h */,
				C351F5341652A9E40072BF7E /* HMJsonRequest.h */,
				C351F5351652A9E40072BF7E /* HMJsonRequest.m */,
				C351F5361652A9E40072BF7E /* HMJsonRequestDelegate.h */,
				C351F5371652A9E40072BF7E /* LoginViewController.h */,
				C351F5381652A9E40072BF7E /* LoginViewController.m */,
				C351F5391652A9E40072BF7E /* main.m */,
				C351F53A1652A9E40072BF7E /* MosaicView.h */,
				C351F53B1652A9E40072BF7E /* MosaicView.m */,
				C351F53C1652A9E40072BF7E /* MosaicViewController.h */,
				C351F53D1652A9E40072BF7E /* MosaicViewController.m */,
				C351F53E1652A9E40072BF7E /* MotionJpegImageView.h */,
				C351F53F1652A9E40072BF7E /* MotionJpegImageView.m */,
				C351F5401652A9E40072BF7E /* MotionJpegImageViewDelegate.h */,
				C351F5411652A9E40072BF7E /* ProxyRequest.h */,
				C351F5421652A9E40072BF7E /* ProxyRequest.m */,
				C351F5431652A9E40072BF7E /* ProxyRequestDelegate.h */,
				C351F5441652A9E40072BF7E /* SetsViewController.h */,
				C351F5451652A9E40072BF7E /* SetsViewController.m */,
			);
			name = classes;
			sourceTree = "<group>";
		};
		C636B818143B7538008CB95D = {
			isa = PBXGroup;
			children = (
				C636B82D143B7538008CB95D /* Cameria */,
				C636B826143B7538008CB95D /* Frameworks */,
				C636B824143B7538008CB95D /* Products */,
			);
			sourceTree = "<group>";
		};
		C636B824143B7538008CB95D /* Products */ = {
			isa = PBXGroup;
			children = (
				C636B823143B7538008CB95D /* cameria.app */,
			);
			name = Products;
			sourceTree = "<group>";
		};
		C636B826143B7538008CB95D /* Frameworks */ = {
			isa = PBXGroup;
			children = (
				C636B827143B7538008CB95D /* UIKit.framework */,
				C636B829143B7538008CB95D /* Foundation.framework */,
				C636B82B143B7538008CB95D /* CoreGraphics.framework */,
			);
			name = Frameworks;
			sourceTree = "<group>";
		};
		C636B82D143B7538008CB95D /* Cameria */ = {
			isa = PBXGroup;
			children = (
				C3FB2888164D8437008F4981 /* classes */,
				C3CE1ABE1652AE6B00F57EA3 /* static */,
				C3CE1B041652AE8F00F57EA3 /* support */,
				C3CE1AAD1652AD7F00F57EA3 /* views */,
			);
			name = Cameria;
			path = MotionJpegImageView;
			sourceTree = "<group>";
		};
/* End PBXGroup section */

/* Begin PBXNativeTarget section */
		C636B822143B7538008CB95D /* cameria */ = {
			isa = PBXNativeTarget;
			buildConfigurationList = C636B849143B7538008CB95D /* Build configuration list for PBXNativeTarget "cameria" */;
			buildPhases = (
				C636B81F143B7538008CB95D /* Sources */,
				C636B820143B7538008CB95D /* Frameworks */,
				C636B821143B7538008CB95D /* Resources */,
			);
			buildRules = (
			);
			dependencies = (
			);
			name = cameria;
			productName = MotionJpegImageView;
			productReference = C636B823143B7538008CB95D /* cameria.app */;
			productType = "com.apple.product-type.application";
		};
/* End PBXNativeTarget section */

/* Begin PBXProject section */
		C636B81A143B7538008CB95D /* Project object */ = {
			isa = PBXProject;
			attributes = {
				LastUpgradeCheck = 0450;
				ORGANIZATIONNAME = "ThinkFlood Inc";
			};
			buildConfigurationList = C636B81D143B7538008CB95D /* Build configuration list for PBXProject "cameria" */;
			compatibilityVersion = "Xcode 3.2";
			developmentRegion = English;
			hasScannedForEncodings = 0;
			knownRegions = (
				en,
			);
			mainGroup = C636B818143B7538008CB95D;
			productRefGroup = C636B824143B7538008CB95D /* Products */;
			projectDirPath = "";
			projectRoot = "";
			targets = (
				C636B822143B7538008CB95D /* cameria */,
			);
		};
/* End PBXProject section */

/* Begin PBXResourcesBuildPhase section */
		C636B821143B7538008CB95D /* Resources */ = {
			isa = PBXResourcesBuildPhase;
			buildActionMask = 2147483647;
			files = (
				C3CE1AB51652AD8F00F57EA3 /* CamerasViewController.xib in Resources */,
				C3CE1AB61652AD8F00F57EA3 /* CameraViewController.xib in Resources */,
				C3CE1AB71652AD8F00F57EA3 /* CreditsViewController.xib in Resources */,
				C3CE1AB81652AD8F00F57EA3 /* LoginViewController.xib in Resources */,
				C3CE1AB91652AD8F00F57EA3 /* MainWindow.xib in Resources */,
				C3CE1ABA1652AD8F00F57EA3 /* MosaicViewController.xib in Resources */,
				C3CE1ABB1652AD8F00F57EA3 /* SetsViewController.xib in Resources */,
				C3CE1AE31652AE6B00F57EA3 /* Icon-72.png in Resources */,
				C3CE1AE41652AE6B00F57EA3 /* Icon-72@2x.png in Resources */,
				C3CE1AE51652AE6B00F57EA3 /* Icon-Small-50.png in Resources */,
				C3CE1AE61652AE6B00F57EA3 /* Icon-Small-50@2x.png in Resources */,
				C3CE1AE71652AE6B00F57EA3 /* Icon-Small.png in Resources */,
				C3CE1AE81652AE6B00F57EA3 /* Icon-Small@2x.png in Resources */,
				C3CE1AE91652AE6B00F57EA3 /* Icon.png in Resources */,
				C3CE1AEA1652AE6B00F57EA3 /* Icon@2x.png in Resources */,
				C3CE1AEB1652AE6B00F57EA3 /* iTunesArtwork.png in Resources */,
				C3CE1AEC1652AE6B00F57EA3 /* iTunesArtwork@2x.png in Resources */,
				C3CE1AED1652AE6B00F57EA3 /* button.png in Resources */,
				C3CE1AEE1652AE6B00F57EA3 /* button@2x.png in Resources */,
				C3CE1AEF1652AE6B00F57EA3 /* error.png in Resources */,
				C3CE1AF01652AE6B00F57EA3 /* error@2x.png in Resources */,
				C3CE1AF11652AE6B00F57EA3 /* icon-about.png in Resources */,
				C3CE1AF21652AE6B00F57EA3 /* icon-about@2x.png in Resources */,
				C3CE1AF31652AE6B00F57EA3 /* icon-cameras.png in Resources */,
				C3CE1AF41652AE6B00F57EA3 /* icon-cameras@2x.png in Resources */,
				C3CE1AF51652AE6B00F57EA3 /* icon-sets.png in Resources */,
				C3CE1AF61652AE6B00F57EA3 /* icon-sets@2x.png in Resources */,
				C3CE1AF71652AE6B00F57EA3 /* loading.png in Resources */,
				C3CE1AF81652AE6B00F57EA3 /* loading@2x.png in Resources */,
				C3CE1AF91652AE6B00F57EA3 /* logo-about.png in Resources */,
				C3CE1AFA1652AE6B00F57EA3 /* logo-about@2x.png in Resources */,
				C3CE1AFB1652AE6B00F57EA3 /* logo.png in Resources */,
				C3CE1AFC1652AE6B00F57EA3 /* logo@2x.png in Resources */,
				C3CE1AFD1652AE6B00F57EA3 /* main-background-dark.png in Resources */,
				C3CE1AFE1652AE6B00F57EA3 /* main-background-dark@2x.png in Resources */,
				C3CE1AFF1652AE6B00F57EA3 /* main-background.png in Resources */,
				C3CE1B001652AE6B00F57EA3 /* main-background@2x.png in Resources */,
				C3CE1B011652AE6B00F57EA3 /* textfields_a.png in Resources */,
				C3CE1B021652AE6B00F57EA3 /* textfields_a@2x.png in Resources */,
				C3CE1B031652AE6B00F57EA3 /* Default-568h@2x.png in Resources */,
				C3CC018E1652B9AB000EE95F /* Localizable.strings in Resources */,
			);
			runOnlyForDeploymentPostprocessing = 0;
		};
/* End PBXResourcesBuildPhase section */

/* Begin PBXSourcesBuildPhase section */
		C636B81F143B7538008CB95D /* Sources */ = {
			isa = PBXSourcesBuildPhase;
			buildActionMask = 2147483647;
			files = (
				C351F5461652A9E40072BF7E /* AppDelegate.m in Sources */,
				C351F5471652A9E40072BF7E /* CamerasViewController.m in Sources */,
				C351F5481652A9E40072BF7E /* CameraViewController.m in Sources */,
				C351F5491652A9E40072BF7E /* CreditsViewController.m in Sources */,
				C351F54A1652A9E40072BF7E /* HMJsonRequest.m in Sources */,
				C351F54B1652A9E40072BF7E /* LoginViewController.m in Sources */,
				C351F54C1652A9E40072BF7E /* main.m in Sources */,
				C351F54D1652A9E40072BF7E /* MosaicView.m in Sources */,
				C351F54E1652A9E40072BF7E /* MosaicViewController.m in Sources */,
				C351F54F1652A9E40072BF7E /* MotionJpegImageView.m in Sources */,
				C351F5501652A9E40072BF7E /* ProxyRequest.m in Sources */,
				C351F5511652A9E40072BF7E /* SetsViewController.m in Sources */,
			);
			runOnlyForDeploymentPostprocessing = 0;
		};
/* End PBXSourcesBuildPhase section */

/* Begin PBXVariantGroup section */
		C3CC01901652B9AB000EE95F /* Localizable.strings */ = {
			isa = PBXVariantGroup;
			children = (
				C3CC018F1652B9AB000EE95F /* en */,
			);
			name = Localizable.strings;
			sourceTree = "<group>";
		};
/* End PBXVariantGroup section */

/* Begin XCBuildConfiguration section */
		C636B847143B7538008CB95D /* Debug */ = {
			isa = XCBuildConfiguration;
			buildSettings = {
				ALWAYS_SEARCH_USER_PATHS = NO;
				ARCHS = "$(ARCHS_STANDARD_32_BIT)";
				"CODE_SIGN_IDENTITY[sdk=iphoneos*]" = "iPhone Developer";
				COPY_PHASE_STRIP = NO;
				GCC_C_LANGUAGE_STANDARD = gnu99;
				GCC_DYNAMIC_NO_PIC = NO;
				GCC_OPTIMIZATION_LEVEL = 0;
				GCC_PREPROCESSOR_DEFINITIONS = (
					"DEBUG=1",
					"$(inherited)",
				);
				GCC_SYMBOLS_PRIVATE_EXTERN = NO;
				GCC_VERSION = com.apple.compilers.llvmgcc42;
				GCC_WARN_ABOUT_MISSING_PROTOTYPES = YES;
				GCC_WARN_ABOUT_RETURN_TYPE = YES;
				GCC_WARN_UNUSED_VARIABLE = YES;
				IPHONEOS_DEPLOYMENT_TARGET = 5.0;
				SDKROOT = iphoneos;
				TARGETED_DEVICE_FAMILY = "1,2";
			};
			name = Debug;
		};
		C636B848143B7538008CB95D /* Release */ = {
			isa = XCBuildConfiguration;
			buildSettings = {
				ALWAYS_SEARCH_USER_PATHS = NO;
				ARCHS = "$(ARCHS_STANDARD_32_BIT)";
				"CODE_SIGN_IDENTITY[sdk=iphoneos*]" = "iPhone Developer";
				COPY_PHASE_STRIP = YES;
				GCC_C_LANGUAGE_STANDARD = gnu99;
				GCC_VERSION = com.apple.compilers.llvmgcc42;
				GCC_WARN_ABOUT_MISSING_PROTOTYPES = YES;
				GCC_WARN_ABOUT_RETURN_TYPE = YES;
				GCC_WARN_UNUSED_VARIABLE = YES;
				IPHONEOS_DEPLOYMENT_TARGET = 5.0;
				OTHER_CFLAGS = "-DNS_BLOCK_ASSERTIONS=1";
				SDKROOT = iphoneos;
				TARGETED_DEVICE_FAMILY = "1,2";
				VALIDATE_PRODUCT = YES;
			};
			name = Release;
		};
		C636B84A143B7538008CB95D /* Debug */ = {
			isa = XCBuildConfiguration;
			buildSettings = {
				CLANG_ENABLE_OBJC_ARC = YES;
				GCC_PRECOMPILE_PREFIX_HEADER = YES;
				GCC_PREFIX_HEADER = "cameria/support/cameria.xcodeproj-Prefix.pch";
				GCC_VERSION = com.apple.compilers.llvm.clang.1_0;
				INFOPLIST_FILE = "cameria/support/cameria.xcodeproj-Info.plist";
				IPHONEOS_DEPLOYMENT_TARGET = 5.0;
				PRODUCT_NAME = cameria;
				WRAPPER_EXTENSION = app;
			};
			name = Debug;
		};
		C636B84B143B7538008CB95D /* Release */ = {
			isa = XCBuildConfiguration;
			buildSettings = {
				CLANG_ENABLE_OBJC_ARC = YES;
				GCC_PRECOMPILE_PREFIX_HEADER = YES;
				GCC_PREFIX_HEADER = "cameria/support/cameria.xcodeproj-Prefix.pch";
				GCC_VERSION = com.apple.compilers.llvm.clang.1_0;
				INFOPLIST_FILE = "cameria/support/cameria.xcodeproj-Info.plist";
				IPHONEOS_DEPLOYMENT_TARGET = 5.0;
				PRODUCT_NAME = cameria;
				WRAPPER_EXTENSION = app;
			};
			name = Release;
		};
/* End XCBuildConfiguration section */

/* Begin XCConfigurationList section */
		C636B81D143B7538008CB95D /* Build configuration list for PBXProject "cameria" */ = {
			isa = XCConfigurationList;
			buildConfigurations = (
				C636B847143B7538008CB95D /* Debug */,
				C636B848143B7538008CB95D /* Release */,
			);
			defaultConfigurationIsVisible = 0;
			defaultConfigurationName = Release;
		};
		C636B849143B7538008CB95D /* Build configuration list for PBXNativeTarget "cameria" */ = {
			isa = XCConfigurationList;
			buildConfigurations = (
				C636B84A143B7538008CB95D /* Debug */,
				C636B84B143B7538008CB95D /* Release */,
			);
			defaultConfigurationIsVisible = 0;
			defaultConfigurationName = Release;
		};
/* End XCConfigurationList section */
	};
	rootObject = C636B81A143B7538008CB95D /* Project object */;
}
